// !$*UTF8*$!
{
	archiveVersion = 1;
	classes = {
	};
	objectVersion = 45;
	objects = {

/* Begin PBXBuildFile section */
		2426982C113338A200282ED1 /* AudioBuffer.cpp in Sources */ = {isa = PBXBuildFile; fileRef = 24269803113337C200282ED1 /* AudioBuffer.cpp */; };
		2426982D113338A200282ED1 /* AudioBufferSet.cpp in Sources */ = {isa = PBXBuildFile; fileRef = 24269805113337C200282ED1 /* AudioBufferSet.cpp */; };
		2426982E113338B600282ED1 /* libinterface.a in Frameworks */ = {isa = PBXBuildFile; fileRef = 242698291133389100282ED1 /* libinterface.a */; };
		242698321133397100282ED1 /* PluginLoaderMac.h in Headers */ = {isa = PBXBuildFile; fileRef = 242698301133397100282ED1 /* PluginLoaderMac.h */; };
		242698331133397100282ED1 /* PluginLoaderMac.cpp in Sources */ = {isa = PBXBuildFile; fileRef = 242698311133397100282ED1 /* PluginLoaderMac.cpp */; };
		242698A11133447E00282ED1 /* libinterface.a in Frameworks */ = {isa = PBXBuildFile; fileRef = 242698291133389100282ED1 /* libinterface.a */; };
		242698A21133447E00282ED1 /* libwrapper.a in Frameworks */ = {isa = PBXBuildFile; fileRef = 242698131133380100282ED1 /* libwrapper.a */; };
		242698AE113344B500282ED1 /* libinterface.a in Frameworks */ = {isa = PBXBuildFile; fileRef = 242698291133389100282ED1 /* libinterface.a */; };
		242698AF113344B500282ED1 /* libwrapper.a in Frameworks */ = {isa = PBXBuildFile; fileRef = 242698131133380100282ED1 /* libwrapper.a */; };
		242698BE1133454300282ED1 /* AudioBufferSetTest.cpp in Sources */ = {isa = PBXBuildFile; fileRef = 242698BA1133454300282ED1 /* AudioBufferSetTest.cpp */; };
		242698BF1133454300282ED1 /* AudioBufferTest.cpp in Sources */ = {isa = PBXBuildFile; fileRef = 242698BB1133454300282ED1 /* AudioBufferTest.cpp */; };
		242698C01133454300282ED1 /* PluginLoaderWindowsTest.cpp in Sources */ = {isa = PBXBuildFile; fileRef = 242698BD1133454300282ED1 /* PluginLoaderWindowsTest.cpp */; };
		242698C9113345D200282ED1 /* PluginLoaderWindows.cpp in Sources */ = {isa = PBXBuildFile; fileRef = 2426980B113337C200282ED1 /* PluginLoaderWindows.cpp */; };
		242698ED1133484900282ED1 /* libgtest.a in Frameworks */ = {isa = PBXBuildFile; fileRef = 242698EC1133484900282ED1 /* libgtest.a */; };
		242699021133489B00282ED1 /* libgtest_main.a in Frameworks */ = {isa = PBXBuildFile; fileRef = 242699011133489B00282ED1 /* libgtest_main.a */; };
/* End PBXBuildFile section */

/* Begin PBXContainerItemProxy section */
		2426988C1133436200282ED1 /* PBXContainerItemProxy */ = {
			isa = PBXContainerItemProxy;
			containerPortal = 08FB7793FE84155DC02AAC07 /* Project object */;
			proxyType = 1;
			remoteGlobalIDString = 242698281133389100282ED1 /* interface */;
			remoteInfo = interface;
		};
		2426989D1133447400282ED1 /* PBXContainerItemProxy */ = {
			isa = PBXContainerItemProxy;
			containerPortal = 08FB7793FE84155DC02AAC07 /* Project object */;
			proxyType = 1;
			remoteGlobalIDString = 242698121133380100282ED1 /* wrapper */;
			remoteInfo = wrapper;
		};
		2426989F1133447800282ED1 /* PBXContainerItemProxy */ = {
			isa = PBXContainerItemProxy;
			containerPortal = 08FB7793FE84155DC02AAC07 /* Project object */;
			proxyType = 1;
			remoteGlobalIDString = 242698281133389100282ED1 /* interface */;
			remoteInfo = interface;
		};
		242698AA113344AE00282ED1 /* PBXContainerItemProxy */ = {
			isa = PBXContainerItemProxy;
			containerPortal = 08FB7793FE84155DC02AAC07 /* Project object */;
			proxyType = 1;
			remoteGlobalIDString = 242698281133389100282ED1 /* interface */;
			remoteInfo = interface;
		};
		242698AC113344AE00282ED1 /* PBXContainerItemProxy */ = {
			isa = PBXContainerItemProxy;
			containerPortal = 08FB7793FE84155DC02AAC07 /* Project object */;
			proxyType = 1;
			remoteGlobalIDString = 242698121133380100282ED1 /* wrapper */;
			remoteInfo = wrapper;
		};
/* End PBXContainerItemProxy section */

/* Begin PBXFileReference section */
		24269803113337C200282ED1 /* AudioBuffer.cpp */ = {isa = PBXFileReference; fileEncoding = 4; lastKnownFileType = sourcecode.cpp.cpp; path = AudioBuffer.cpp; sourceTree = "<group>"; };
		24269804113337C200282ED1 /* AudioBuffer.h */ = {isa = PBXFileReference; fileEncoding = 4; lastKnownFileType = sourcecode.c.h; path = AudioBuffer.h; sourceTree = "<group>"; };
		24269805113337C200282ED1 /* AudioBufferSet.cpp */ = {isa = PBXFileReference; fileEncoding = 4; lastKnownFileType = sourcecode.cpp.cpp; path = AudioBufferSet.cpp; sourceTree = "<group>"; };
		24269806113337C200282ED1 /* AudioBufferSet.h */ = {isa = PBXFileReference; fileEncoding = 4; lastKnownFileType = sourcecode.c.h; path = AudioBufferSet.h; sourceTree = "<group>"; };
		24269808113337C200282ED1 /* Plugin.h */ = {isa = PBXFileReference; fileEncoding = 4; lastKnownFileType = sourcecode.c.h; path = Plugin.h; sourceTree = "<group>"; };
		2426980A113337C200282ED1 /* PluginLoader.h */ = {isa = PBXFileReference; fileEncoding = 4; lastKnownFileType = sourcecode.c.h; path = PluginLoader.h; sourceTree = "<group>"; };
		2426980B113337C200282ED1 /* PluginLoaderWindows.cpp */ = {isa = PBXFileReference; fileEncoding = 4; lastKnownFileType = sourcecode.cpp.cpp; path = PluginLoaderWindows.cpp; sourceTree = "<group>"; };
		2426980C113337C200282ED1 /* PluginLoaderWindows.h */ = {isa = PBXFileReference; fileEncoding = 4; lastKnownFileType = sourcecode.c.h; path = PluginLoaderWindows.h; sourceTree = "<group>"; };
		2426980D113337C200282ED1 /* VstWrapper.cpp */ = {isa = PBXFileReference; fileEncoding = 4; lastKnownFileType = sourcecode.cpp.cpp; path = VstWrapper.cpp; sourceTree = "<group>"; };
		2426980E113337C200282ED1 /* VstWrapper.h */ = {isa = PBXFileReference; fileEncoding = 4; lastKnownFileType = sourcecode.c.h; path = VstWrapper.h; sourceTree = "<group>"; };
		242698131133380100282ED1 /* libwrapper.a */ = {isa = PBXFileReference; explicitFileType = archive.ar; includeInIndex = 0; path = libwrapper.a; sourceTree = BUILT_PRODUCTS_DIR; };
		242698291133389100282ED1 /* libinterface.a */ = {isa = PBXFileReference; explicitFileType = archive.ar; includeInIndex = 0; path = libinterface.a; sourceTree = BUILT_PRODUCTS_DIR; };
		242698301133397100282ED1 /* PluginLoaderMac.h */ = {isa = PBXFileReference; fileEncoding = 4; lastKnownFileType = sourcecode.c.h; path = PluginLoaderMac.h; sourceTree = "<group>"; };
		242698311133397100282ED1 /* PluginLoaderMac.cpp */ = {isa = PBXFileReference; fileEncoding = 4; lastKnownFileType = sourcecode.cpp.cpp; path = PluginLoaderMac.cpp; sourceTree = "<group>"; };
		2426989A1133446C00282ED1 /* libvst.dylib */ = {isa = PBXFileReference; explicitFileType = "compiled.mach-o.dylib"; includeInIndex = 0; name = libvst.dylib; path = build/Debug/libvst.dylib; sourceTree = "<group>"; };
		242698A6113344A600282ED1 /* test */ = {isa = PBXFileReference; explicitFileType = "compiled.mach-o.executable"; includeInIndex = 0; path = test; sourceTree = BUILT_PRODUCTS_DIR; };
		242698BA1133454300282ED1 /* AudioBufferSetTest.cpp */ = {isa = PBXFileReference; fileEncoding = 4; lastKnownFileType = sourcecode.cpp.cpp; path = AudioBufferSetTest.cpp; sourceTree = "<group>"; };
		242698BB1133454300282ED1 /* AudioBufferTest.cpp */ = {isa = PBXFileReference; fileEncoding = 4; lastKnownFileType = sourcecode.cpp.cpp; path = AudioBufferTest.cpp; sourceTree = "<group>"; };
		242698BD1133454300282ED1 /* PluginLoaderWindowsTest.cpp */ = {isa = PBXFileReference; fileEncoding = 4; lastKnownFileType = sourcecode.cpp.cpp; path = PluginLoaderWindowsTest.cpp; sourceTree = "<group>"; };
		242698EC1133484900282ED1 /* libgtest.a */ = {isa = PBXFileReference; lastKnownFileType = archive.ar; name = libgtest.a; path = "third-party/gtest/lib/libgtest.a"; sourceTree = "<group>"; };
		242699011133489B00282ED1 /* libgtest_main.a */ = {isa = PBXFileReference; lastKnownFileType = archive.ar; name = libgtest_main.a; path = "third-party/gtest/lib/libgtest_main.a"; sourceTree = "<group>"; };
/* End PBXFileReference section */

/* Begin PBXFrameworksBuildPhase section */
		242698111133380100282ED1 /* Frameworks */ = {
			isa = PBXFrameworksBuildPhase;
			buildActionMask = 2147483647;
			files = (
				2426982E113338B600282ED1 /* libinterface.a in Frameworks */,
			);
			runOnlyForDeploymentPostprocessing = 0;
		};
		242698271133389100282ED1 /* Frameworks */ = {
			isa = PBXFrameworksBuildPhase;
			buildActionMask = 2147483647;
			files = (
			);
			runOnlyForDeploymentPostprocessing = 0;
		};
		242698981133446C00282ED1 /* Frameworks */ = {
			isa = PBXFrameworksBuildPhase;
			buildActionMask = 2147483647;
			files = (
				242698A11133447E00282ED1 /* libinterface.a in Frameworks */,
				242698A21133447E00282ED1 /* libwrapper.a in Frameworks */,
			);
			runOnlyForDeploymentPostprocessing = 0;
		};
		242698A4113344A600282ED1 /* Frameworks */ = {
			isa = PBXFrameworksBuildPhase;
			buildActionMask = 2147483647;
			files = (
				242698AE113344B500282ED1 /* libinterface.a in Frameworks */,
				242698AF113344B500282ED1 /* libwrapper.a in Frameworks */,
				242698ED1133484900282ED1 /* libgtest.a in Frameworks */,
				242699021133489B00282ED1 /* libgtest_main.a in Frameworks */,
			);
			runOnlyForDeploymentPostprocessing = 0;
		};
/* End PBXFrameworksBuildPhase section */

/* Begin PBXGroup section */
		08FB7794FE84155DC02AAC07 /* plugincore */ = {
			isa = PBXGroup;
			children = (
				242698231133381000282ED1 /* products */,
				24269800113337C200282ED1 /* source */,
				242698B71133454300282ED1 /* test */,
				242698EC1133484900282ED1 /* libgtest.a */,
				242699011133489B00282ED1 /* libgtest_main.a */,
			);
			name = plugincore;
			sourceTree = "<group>";
		};
		24269800113337C200282ED1 /* source */ = {
			isa = PBXGroup;
			children = (
				24269801113337C200282ED1 /* plugincore */,
				24269809113337C200282ED1 /* wrapper */,
			);
			path = source;
			sourceTree = "<group>";
		};
		24269801113337C200282ED1 /* plugincore */ = {
			isa = PBXGroup;
			children = (
				24269802113337C200282ED1 /* buffer */,
				24269807113337C200282ED1 /* plugin */,
			);
			path = plugincore;
			sourceTree = "<group>";
		};
		24269802113337C200282ED1 /* buffer */ = {
			isa = PBXGroup;
			children = (
				24269803113337C200282ED1 /* AudioBuffer.cpp */,
				24269804113337C200282ED1 /* AudioBuffer.h */,
				24269805113337C200282ED1 /* AudioBufferSet.cpp */,
				24269806113337C200282ED1 /* AudioBufferSet.h */,
			);
			path = buffer;
			sourceTree = "<group>";
		};
		24269807113337C200282ED1 /* plugin */ = {
			isa = PBXGroup;
			children = (
				24269808113337C200282ED1 /* Plugin.h */,
			);
			path = plugin;
			sourceTree = "<group>";
		};
		24269809113337C200282ED1 /* wrapper */ = {
			isa = PBXGroup;
			children = (
				2426980A113337C200282ED1 /* PluginLoader.h */,
				242698311133397100282ED1 /* PluginLoaderMac.cpp */,
				242698301133397100282ED1 /* PluginLoaderMac.h */,
				2426980B113337C200282ED1 /* PluginLoaderWindows.cpp */,
				2426980C113337C200282ED1 /* PluginLoaderWindows.h */,
				2426980D113337C200282ED1 /* VstWrapper.cpp */,
				2426980E113337C200282ED1 /* VstWrapper.h */,
			);
			path = wrapper;
			sourceTree = "<group>";
		};
		242698231133381000282ED1 /* products */ = {
			isa = PBXGroup;
			children = (
				242698291133389100282ED1 /* libinterface.a */,
				242698131133380100282ED1 /* libwrapper.a */,
				2426989A1133446C00282ED1 /* libvst.dylib */,
				242698A6113344A600282ED1 /* test */,
			);
			name = products;
			sourceTree = "<group>";
		};
		242698B71133454300282ED1 /* test */ = {
			isa = PBXGroup;
			children = (
				242698B81133454300282ED1 /* interface */,
				242698BC1133454300282ED1 /* wrapper */,
			);
			path = test;
			sourceTree = "<group>";
		};
		242698B81133454300282ED1 /* interface */ = {
			isa = PBXGroup;
			children = (
				242698B91133454300282ED1 /* buffer */,
			);
			path = interface;
			sourceTree = "<group>";
		};
		242698B91133454300282ED1 /* buffer */ = {
			isa = PBXGroup;
			children = (
				242698BA1133454300282ED1 /* AudioBufferSetTest.cpp */,
				242698BB1133454300282ED1 /* AudioBufferTest.cpp */,
			);
			path = buffer;
			sourceTree = "<group>";
		};
		242698BC1133454300282ED1 /* wrapper */ = {
			isa = PBXGroup;
			children = (
				242698BD1133454300282ED1 /* PluginLoaderWindowsTest.cpp */,
			);
			path = wrapper;
			sourceTree = "<group>";
		};
/* End PBXGroup section */

/* Begin PBXHeadersBuildPhase section */
		2426980F1133380100282ED1 /* Headers */ = {
			isa = PBXHeadersBuildPhase;
			buildActionMask = 2147483647;
			files = (
				242698321133397100282ED1 /* PluginLoaderMac.h in Headers */,
			);
			runOnlyForDeploymentPostprocessing = 0;
		};
		242698251133389100282ED1 /* Headers */ = {
			isa = PBXHeadersBuildPhase;
			buildActionMask = 2147483647;
			files = (
			);
			runOnlyForDeploymentPostprocessing = 0;
		};
		242698961133446C00282ED1 /* Headers */ = {
			isa = PBXHeadersBuildPhase;
			buildActionMask = 2147483647;
			files = (
			);
			runOnlyForDeploymentPostprocessing = 0;
		};
/* End PBXHeadersBuildPhase section */

/* Begin PBXNativeTarget section */
		242698121133380100282ED1 /* wrapper */ = {
			isa = PBXNativeTarget;
			buildConfigurationList = 2426981A1133380700282ED1 /* Build configuration list for PBXNativeTarget "wrapper" */;
			buildPhases = (
				2426980F1133380100282ED1 /* Headers */,
				242698101133380100282ED1 /* Sources */,
				242698111133380100282ED1 /* Frameworks */,
			);
			buildRules = (
			);
			dependencies = (
				2426988D1133436200282ED1 /* PBXTargetDependency */,
			);
			name = wrapper;
			productName = wrapper;
			productReference = 242698131133380100282ED1 /* libwrapper.a */;
			productType = "com.apple.product-type.library.static";
		};
		242698281133389100282ED1 /* interface */ = {
			isa = PBXNativeTarget;
			buildConfigurationList = 2426982F113338E400282ED1 /* Build configuration list for PBXNativeTarget "interface" */;
			buildPhases = (
				242698251133389100282ED1 /* Headers */,
				242698261133389100282ED1 /* Sources */,
				242698271133389100282ED1 /* Frameworks */,
			);
			buildRules = (
			);
			dependencies = (
			);
			name = interface;
			productName = interface;
			productReference = 242698291133389100282ED1 /* libinterface.a */;
			productType = "com.apple.product-type.library.static";
		};
		242698991133446C00282ED1 /* vst */ = {
			isa = PBXNativeTarget;
			buildConfigurationList = 242698B31133450C00282ED1 /* Build configuration list for PBXNativeTarget "vst" */;
			buildPhases = (
				242698961133446C00282ED1 /* Headers */,
				242698971133446C00282ED1 /* Sources */,
				242698981133446C00282ED1 /* Frameworks */,
			);
			buildRules = (
			);
			dependencies = (
				2426989E1133447400282ED1 /* PBXTargetDependency */,
				242698A01133447800282ED1 /* PBXTargetDependency */,
			);
			name = vst;
			productName = vst;
			productReference = 2426989A1133446C00282ED1 /* libvst.dylib */;
			productType = "com.apple.product-type.library.dynamic";
		};
		242698A5113344A600282ED1 /* test */ = {
			isa = PBXNativeTarget;
			buildConfigurationList = 242698B41133450C00282ED1 /* Build configuration list for PBXNativeTarget "test" */;
			buildPhases = (
				242698A3113344A600282ED1 /* Sources */,
				242698A4113344A600282ED1 /* Frameworks */,
			);
			buildRules = (
			);
			dependencies = (
				242698AB113344AE00282ED1 /* PBXTargetDependency */,
				242698AD113344AE00282ED1 /* PBXTargetDependency */,
			);
			name = test;
			productName = test;
			productReference = 242698A6113344A600282ED1 /* test */;
			productType = "com.apple.product-type.tool";
		};
/* End PBXNativeTarget section */

/* Begin PBXProject section */
		08FB7793FE84155DC02AAC07 /* Project object */ = {
			isa = PBXProject;
			attributes = {
				BuildIndependentTargetsInParallel = YES;
			};
			buildConfigurationList = 1DEB91EF08733DB70010E9CD /* Build configuration list for PBXProject "plugincore" */;
			compatibilityVersion = "Xcode 3.1";
			hasScannedForEncodings = 1;
			mainGroup = 08FB7794FE84155DC02AAC07 /* plugincore */;
			productRefGroup = 08FB7794FE84155DC02AAC07 /* plugincore */;
			projectDirPath = "";
			projectRoot = "";
			targets = (
				242698281133389100282ED1 /* interface */,
				242698A5113344A600282ED1 /* test */,
				242698991133446C00282ED1 /* vst */,
				242698121133380100282ED1 /* wrapper */,
			);
		};
/* End PBXProject section */

/* Begin PBXSourcesBuildPhase section */
		242698101133380100282ED1 /* Sources */ = {
			isa = PBXSourcesBuildPhase;
			buildActionMask = 2147483647;
			files = (
				242698331133397100282ED1 /* PluginLoaderMac.cpp in Sources */,
				242698C9113345D200282ED1 /* PluginLoaderWindows.cpp in Sources */,
			);
			runOnlyForDeploymentPostprocessing = 0;
		};
		242698261133389100282ED1 /* Sources */ = {
			isa = PBXSourcesBuildPhase;
			buildActionMask = 2147483647;
			files = (
				2426982C113338A200282ED1 /* AudioBuffer.cpp in Sources */,
				2426982D113338A200282ED1 /* AudioBufferSet.cpp in Sources */,
			);
			runOnlyForDeploymentPostprocessing = 0;
		};
		242698971133446C00282ED1 /* Sources */ = {
			isa = PBXSourcesBuildPhase;
			buildActionMask = 2147483647;
			files = (
			);
			runOnlyForDeploymentPostprocessing = 0;
		};
		242698A3113344A600282ED1 /* Sources */ = {
			isa = PBXSourcesBuildPhase;
			buildActionMask = 2147483647;
			files = (
				242698BE1133454300282ED1 /* AudioBufferSetTest.cpp in Sources */,
				242698BF1133454300282ED1 /* AudioBufferTest.cpp in Sources */,
				242698C01133454300282ED1 /* PluginLoaderWindowsTest.cpp in Sources */,
			);
			runOnlyForDeploymentPostprocessing = 0;
		};
/* End PBXSourcesBuildPhase section */

/* Begin PBXTargetDependency section */
		2426988D1133436200282ED1 /* PBXTargetDependency */ = {
			isa = PBXTargetDependency;
			target = 242698281133389100282ED1 /* interface */;
			targetProxy = 2426988C1133436200282ED1 /* PBXContainerItemProxy */;
		};
		2426989E1133447400282ED1 /* PBXTargetDependency */ = {
			isa = PBXTargetDependency;
			target = 242698121133380100282ED1 /* wrapper */;
			targetProxy = 2426989D1133447400282ED1 /* PBXContainerItemProxy */;
		};
		242698A01133447800282ED1 /* PBXTargetDependency */ = {
			isa = PBXTargetDependency;
			target = 242698281133389100282ED1 /* interface */;
			targetProxy = 2426989F1133447800282ED1 /* PBXContainerItemProxy */;
		};
		242698AB113344AE00282ED1 /* PBXTargetDependency */ = {
			isa = PBXTargetDependency;
			target = 242698281133389100282ED1 /* interface */;
			targetProxy = 242698AA113344AE00282ED1 /* PBXContainerItemProxy */;
		};
		242698AD113344AE00282ED1 /* PBXTargetDependency */ = {
			isa = PBXTargetDependency;
			target = 242698121133380100282ED1 /* wrapper */;
			targetProxy = 242698AC113344AE00282ED1 /* PBXContainerItemProxy */;
		};
/* End PBXTargetDependency section */

/* Begin XCBuildConfiguration section */
		1DEB91F008733DB70010E9CD /* Debug */ = {
			isa = XCBuildConfiguration;
			buildSettings = {
				GCC_C_LANGUAGE_STANDARD = c99;
				GCC_OPTIMIZATION_LEVEL = 0;
				GCC_WARN_ABOUT_RETURN_TYPE = YES;
				GCC_WARN_UNUSED_VARIABLE = YES;
				HEADER_SEARCH_PATHS = ./source;
				ONLY_ACTIVE_ARCH = YES;
				SDKROOT = macosx10.5;
			};
			name = Debug;
		};
		1DEB91F108733DB70010E9CD /* Release */ = {
			isa = XCBuildConfiguration;
			buildSettings = {
				GCC_C_LANGUAGE_STANDARD = c99;
				GCC_WARN_ABOUT_RETURN_TYPE = YES;
				GCC_WARN_UNUSED_VARIABLE = YES;
				HEADER_SEARCH_PATHS = ./source;
				SDKROOT = macosx10.5;
			};
			name = Release;
		};
		242698141133380200282ED1 /* Debug */ = {
			isa = XCBuildConfiguration;
			buildSettings = {
				ALWAYS_SEARCH_USER_PATHS = NO;
				COPY_PHASE_STRIP = NO;
				GCC_DYNAMIC_NO_PIC = NO;
				GCC_ENABLE_FIX_AND_CONTINUE = YES;
				GCC_MODEL_TUNING = G5;
				GCC_OPTIMIZATION_LEVEL = 0;
				INSTALL_PATH = /usr/local/lib;
				LIBRARY_SEARCH_PATHS = (
					"$(inherited)",
					"\"$(SRCROOT)/build/Debug\"",
				);
				PREBINDING = NO;
				PRODUCT_NAME = wrapper;
			};
			name = Debug;
		};
		242698151133380200282ED1 /* Release */ = {
			isa = XCBuildConfiguration;
			buildSettings = {
				ALWAYS_SEARCH_USER_PATHS = NO;
				COPY_PHASE_STRIP = YES;
				DEBUG_INFORMATION_FORMAT = "dwarf-with-dsym";
				GCC_ENABLE_FIX_AND_CONTINUE = NO;
				GCC_MODEL_TUNING = G5;
				INSTALL_PATH = /usr/local/lib;
				LIBRARY_SEARCH_PATHS = (
					"$(inherited)",
					"\"$(SRCROOT)/build/Debug\"",
				);
				PREBINDING = NO;
				PRODUCT_NAME = wrapper;
				ZERO_LINK = NO;
			};
			name = Release;
		};
		2426982A1133389100282ED1 /* Debug */ = {
			isa = XCBuildConfiguration;
			buildSettings = {
				ALWAYS_SEARCH_USER_PATHS = NO;
				COPY_PHASE_STRIP = NO;
				GCC_DYNAMIC_NO_PIC = NO;
				GCC_ENABLE_FIX_AND_CONTINUE = YES;
				GCC_MODEL_TUNING = G5;
				GCC_OPTIMIZATION_LEVEL = 0;
				INSTALL_PATH = /usr/local/lib;
				PREBINDING = NO;
				PRODUCT_NAME = interface;
			};
			name = Debug;
		};
		2426982B1133389100282ED1 /* Release */ = {
			isa = XCBuildConfiguration;
			buildSettings = {
				ALWAYS_SEARCH_USER_PATHS = NO;
				COPY_PHASE_STRIP = YES;
				DEBUG_INFORMATION_FORMAT = "dwarf-with-dsym";
				GCC_ENABLE_FIX_AND_CONTINUE = NO;
				GCC_MODEL_TUNING = G5;
				INSTALL_PATH = /usr/local/lib;
				PREBINDING = NO;
				PRODUCT_NAME = interface;
				ZERO_LINK = NO;
			};
			name = Release;
		};
		2426989B1133446D00282ED1 /* Debug */ = {
			isa = XCBuildConfiguration;
			buildSettings = {
				ALWAYS_SEARCH_USER_PATHS = NO;
				COPY_PHASE_STRIP = NO;
				EXECUTABLE_PREFIX = lib;
				GCC_DYNAMIC_NO_PIC = NO;
				GCC_ENABLE_FIX_AND_CONTINUE = YES;
				GCC_MODEL_TUNING = G5;
				GCC_OPTIMIZATION_LEVEL = 0;
				INSTALL_PATH = /usr/local/lib;
				PREBINDING = NO;
				PRODUCT_NAME = vst;
			};
			name = Debug;
		};
		2426989C1133446D00282ED1 /* Release */ = {
			isa = XCBuildConfiguration;
			buildSettings = {
				ALWAYS_SEARCH_USER_PATHS = NO;
				COPY_PHASE_STRIP = YES;
				DEBUG_INFORMATION_FORMAT = "dwarf-with-dsym";
				EXECUTABLE_PREFIX = lib;
				GCC_ENABLE_FIX_AND_CONTINUE = NO;
				GCC_MODEL_TUNING = G5;
				INSTALL_PATH = /usr/local/lib;
				PREBINDING = NO;
				PRODUCT_NAME = vst;
				ZERO_LINK = NO;
			};
			name = Release;
		};
		242698A8113344A600282ED1 /* Debug */ = {
			isa = XCBuildConfiguration;
			buildSettings = {
				ALWAYS_SEARCH_USER_PATHS = NO;
				COPY_PHASE_STRIP = NO;
				GCC_DYNAMIC_NO_PIC = NO;
				GCC_ENABLE_FIX_AND_CONTINUE = YES;
				GCC_MODEL_TUNING = G5;
				GCC_OPTIMIZATION_LEVEL = 0;
				HEADER_SEARCH_PATHS = (
					./source,
					"./third-party/gtest/include",
				);
				INSTALL_PATH = /usr/local/bin;
				LIBRARY_SEARCH_PATHS = (
					"$(inherited)",
					"\"$(SRCROOT)/third-party/gtest/lib\"",
				);
				PREBINDING = NO;
				PRODUCT_NAME = test;
			};
			name = Debug;
		};
		242698A9113344A600282ED1 /* Release */ = {
			isa = XCBuildConfiguration;
			buildSettings = {
				ALWAYS_SEARCH_USER_PATHS = NO;
				COPY_PHASE_STRIP = YES;
				DEBUG_INFORMATION_FORMAT = "dwarf-with-dsym";
				GCC_ENABLE_FIX_AND_CONTINUE = NO;
				GCC_MODEL_TUNING = G5;
				HEADER_SEARCH_PATHS = (
					./source,
					"./third-party/gtest/include",
				);
				INSTALL_PATH = /usr/local/bin;
				LIBRARY_SEARCH_PATHS = (
					"$(inherited)",
					"\"$(SRCROOT)/third-party/gtest/lib\"",
				);
				PREBINDING = NO;
				PRODUCT_NAME = test;
				ZERO_LINK = NO;
			};
			name = Release;
		};
/* End XCBuildConfiguration section */

/* Begin XCConfigurationList section */
		1DEB91EF08733DB70010E9CD /* Build configuration list for PBXProject "plugincore" */ = {
			isa = XCConfigurationList;
			buildConfigurations = (
				1DEB91F008733DB70010E9CD /* Debug */,
				1DEB91F108733DB70010E9CD /* Release */,
			);
			defaultConfigurationIsVisible = 0;
			defaultConfigurationName = Release;
		};
		2426981A1133380700282ED1 /* Build configuration list for PBXNativeTarget "wrapper" */ = {
			isa = XCConfigurationList;
			buildConfigurations = (
				242698141133380200282ED1 /* Debug */,
				242698151133380200282ED1 /* Release */,
			);
			defaultConfigurationIsVisible = 0;
			defaultConfigurationName = Release;
		};
		2426982F113338E400282ED1 /* Build configuration list for PBXNativeTarget "interface" */ = {
			isa = XCConfigurationList;
			buildConfigurations = (
				2426982A1133389100282ED1 /* Debug */,
				2426982B1133389100282ED1 /* Release */,
			);
			defaultConfigurationIsVisible = 0;
			defaultConfigurationName = Release;
		};
		242698B31133450C00282ED1 /* Build configuration list for PBXNativeTarget "vst" */ = {
			isa = XCConfigurationList;
			buildConfigurations = (
				2426989B1133446D00282ED1 /* Debug */,
				2426989C1133446D00282ED1 /* Release */,
			);
			defaultConfigurationIsVisible = 0;
			defaultConfigurationName = Release;
		};
		242698B41133450C00282ED1 /* Build configuration list for PBXNativeTarget "test" */ = {
			isa = XCConfigurationList;
			buildConfigurations = (
				242698A8113344A600282ED1 /* Debug */,
				242698A9113344A600282ED1 /* Release */,
			);
			defaultConfigurationIsVisible = 0;
			defaultConfigurationName = Release;
		};
/* End XCConfigurationList section */
	};
	rootObject = 08FB7793FE84155DC02AAC07 /* Project object */;
}
