// !$*UTF8*$!
{
	archiveVersion = 1;
	classes = {
	};
	objectVersion = 45;
	objects = {

/* Begin PBXAggregateTarget section */
		242699321133FC1C00282ED1 /* all */ = {
			isa = PBXAggregateTarget;
			buildConfigurationList = 242699461133FC5600282ED1 /* Build configuration list for PBXAggregateTarget "all" */;
			buildPhases = (
			);
			dependencies = (
				242699361133FC2200282ED1 /* PBXTargetDependency */,
				242699381133FC2200282ED1 /* PBXTargetDependency */,
				2426993E1133FC2200282ED1 /* PBXTargetDependency */,
				2402EC45115CC794003A58A9 /* PBXTargetDependency */,
			);
			name = all;
			productName = all;
		};
/* End PBXAggregateTarget section */

/* Begin PBXBuildFile section */
		2402EC48115CC7B1003A58A9 /* VstWrapper.cpp in Sources */ = {isa = PBXBuildFile; fileRef = 2426980D113337C200282ED1 /* VstWrapper.cpp */; };
		2402EC49115CC7B1003A58A9 /* audioeffect.cpp in Sources */ = {isa = PBXBuildFile; fileRef = 2426999D113404C500282ED1 /* audioeffect.cpp */; };
		2402EC4A115CC7B1003A58A9 /* audioeffectx.cpp in Sources */ = {isa = PBXBuildFile; fileRef = 2426999F113404C500282ED1 /* audioeffectx.cpp */; };
		2402EC4B115CC7B1003A58A9 /* vstplugmain.cpp in Sources */ = {isa = PBXBuildFile; fileRef = 242699A1113404C500282ED1 /* vstplugmain.cpp */; };
		2402EC5B115CC7C1003A58A9 /* PkgInfo in Resources */ = {isa = PBXBuildFile; fileRef = 2426997D113400EC00282ED1 /* PkgInfo */; };
		2402EE00115CC7CE003A58A9 /* ApplicationServices.framework in Frameworks */ = {isa = PBXBuildFile; fileRef = 242699C01134074000282ED1 /* ApplicationServices.framework */; };
		2402EE01115CC7CE003A58A9 /* Carbon.framework in Frameworks */ = {isa = PBXBuildFile; fileRef = 242699BB1134070400282ED1 /* Carbon.framework */; };
		2402EE02115CC7CE003A58A9 /* libinterface.a in Frameworks */ = {isa = PBXBuildFile; fileRef = 242698291133389100282ED1 /* libinterface.a */; };
		2402EE04115CC7CE003A58A9 /* QuickTime.framework in Frameworks */ = {isa = PBXBuildFile; fileRef = 242699B8113406ED00282ED1 /* QuickTime.framework */; };
		2426982C113338A200282ED1 /* AudioBuffer.cpp in Sources */ = {isa = PBXBuildFile; fileRef = 24269803113337C200282ED1 /* AudioBuffer.cpp */; };
		2426982D113338A200282ED1 /* AudioBufferSet.cpp in Sources */ = {isa = PBXBuildFile; fileRef = 24269805113337C200282ED1 /* AudioBufferSet.cpp */; };
		242698AE113344B500282ED1 /* libinterface.a in Frameworks */ = {isa = PBXBuildFile; fileRef = 242698291133389100282ED1 /* libinterface.a */; };
		242698BE1133454300282ED1 /* AudioBufferSetTest.cpp in Sources */ = {isa = PBXBuildFile; fileRef = 242698BA1133454300282ED1 /* AudioBufferSetTest.cpp */; };
		242698BF1133454300282ED1 /* AudioBufferTest.cpp in Sources */ = {isa = PBXBuildFile; fileRef = 242698BB1133454300282ED1 /* AudioBufferTest.cpp */; };
		242698C01133454300282ED1 /* PluginLoaderWindowsTest.cpp in Sources */ = {isa = PBXBuildFile; fileRef = 242698BD1133454300282ED1 /* PluginLoaderWindowsTest.cpp */; };
		242698ED1133484900282ED1 /* libgtest.a in Frameworks */ = {isa = PBXBuildFile; fileRef = 242698EC1133484900282ED1 /* libgtest.a */; };
		242699021133489B00282ED1 /* libgtest_main.a in Frameworks */ = {isa = PBXBuildFile; fileRef = 242699011133489B00282ED1 /* libgtest_main.a */; };
		2426992E1133FBEC00282ED1 /* libinterface.a in Frameworks */ = {isa = PBXBuildFile; fileRef = 242698291133389100282ED1 /* libinterface.a */; };
		244D312E11648C9B00CD3458 /* PrefixCommon.h in Headers */ = {isa = PBXBuildFile; fileRef = 244D312D11648C9B00CD3458 /* PrefixCommon.h */; };
		244D313B11648E4000CD3458 /* PluginLoaderMac.cpp in Sources */ = {isa = PBXBuildFile; fileRef = 242698311133397100282ED1 /* PluginLoaderMac.cpp */; };
		244D31C9116495BC00CD3458 /* ParameterFloat.h in Headers */ = {isa = PBXBuildFile; fileRef = 244D31C4116495BC00CD3458 /* ParameterFloat.h */; };
		244D31CA116495BC00CD3458 /* ParameterSetMap.cpp in Sources */ = {isa = PBXBuildFile; fileRef = 244D31C5116495BC00CD3458 /* ParameterSetMap.cpp */; };
		244D31CB116495BC00CD3458 /* ParameterSetMap.h in Headers */ = {isa = PBXBuildFile; fileRef = 244D31C6116495BC00CD3458 /* ParameterSetMap.h */; };
		244D31CC116495BC00CD3458 /* PluginParameter.h in Headers */ = {isa = PBXBuildFile; fileRef = 244D31C7116495BC00CD3458 /* PluginParameter.h */; };
		244D31CD116495BC00CD3458 /* PluginParameterSet.h in Headers */ = {isa = PBXBuildFile; fileRef = 244D31C8116495BC00CD3458 /* PluginParameterSet.h */; };
		249350F71134312D000BF241 /* AudioUnitWrapper.h in Headers */ = {isa = PBXBuildFile; fileRef = 249350F51134312D000BF241 /* AudioUnitWrapper.h */; };
		249350F81134312D000BF241 /* AudioUnitWrapper.cpp in Sources */ = {isa = PBXBuildFile; fileRef = 249350F61134312D000BF241 /* AudioUnitWrapper.cpp */; };
		249353AD1134337C000BF241 /* ApplicationServices.framework in Frameworks */ = {isa = PBXBuildFile; fileRef = 242699C01134074000282ED1 /* ApplicationServices.framework */; };
		249353AE1134337C000BF241 /* AudioToolbox.framework in Frameworks */ = {isa = PBXBuildFile; fileRef = 249351221134334E000BF241 /* AudioToolbox.framework */; };
		249353AF1134337C000BF241 /* AudioUnit.framework in Frameworks */ = {isa = PBXBuildFile; fileRef = 2493511F1134332B000BF241 /* AudioUnit.framework */; };
		249353B01134337C000BF241 /* Carbon.framework in Frameworks */ = {isa = PBXBuildFile; fileRef = 242699BB1134070400282ED1 /* Carbon.framework */; };
		249353B11134337C000BF241 /* CoreAudio.framework in Frameworks */ = {isa = PBXBuildFile; fileRef = 2493512511343360000BF241 /* CoreAudio.framework */; };
		249353B21134337C000BF241 /* CoreServices.framework in Frameworks */ = {isa = PBXBuildFile; fileRef = 249351EE11343372000BF241 /* CoreServices.framework */; };
		249353B31134337C000BF241 /* QuickTime.framework in Frameworks */ = {isa = PBXBuildFile; fileRef = 242699B8113406ED00282ED1 /* QuickTime.framework */; };
		249353DB11343508000BF241 /* CAAUMIDIMap.cpp in Sources */ = {isa = PBXBuildFile; fileRef = 249353CC11343508000BF241 /* CAAUMIDIMap.cpp */; };
		249353DC11343508000BF241 /* CAAUMIDIMap.h in Headers */ = {isa = PBXBuildFile; fileRef = 249353CD11343508000BF241 /* CAAUMIDIMap.h */; };
		249353DD11343508000BF241 /* CAAUMIDIMapManager.cpp in Sources */ = {isa = PBXBuildFile; fileRef = 249353CE11343508000BF241 /* CAAUMIDIMapManager.cpp */; };
		249353DE11343508000BF241 /* CAAUMIDIMapManager.h in Headers */ = {isa = PBXBuildFile; fileRef = 249353CF11343508000BF241 /* CAAUMIDIMapManager.h */; };
		249353DF11343508000BF241 /* CAAUParameter.cpp in Sources */ = {isa = PBXBuildFile; fileRef = 249353D011343508000BF241 /* CAAUParameter.cpp */; };
		249353E011343508000BF241 /* CAAUParameter.h in Headers */ = {isa = PBXBuildFile; fileRef = 249353D111343508000BF241 /* CAAUParameter.h */; };
		249353E111343508000BF241 /* CAAudioChannelLayout.cpp in Sources */ = {isa = PBXBuildFile; fileRef = 249353D211343508000BF241 /* CAAudioChannelLayout.cpp */; };
		249353E211343508000BF241 /* CAAudioChannelLayout.h in Headers */ = {isa = PBXBuildFile; fileRef = 249353D311343508000BF241 /* CAAudioChannelLayout.h */; };
		249353E311343508000BF241 /* CAMutex.cpp in Sources */ = {isa = PBXBuildFile; fileRef = 249353D411343508000BF241 /* CAMutex.cpp */; };
		249353E411343508000BF241 /* CAMutex.h in Headers */ = {isa = PBXBuildFile; fileRef = 249353D511343508000BF241 /* CAMutex.h */; };
		249353E511343508000BF241 /* CAStreamBasicDescription.cpp in Sources */ = {isa = PBXBuildFile; fileRef = 249353D611343508000BF241 /* CAStreamBasicDescription.cpp */; };
		249353E611343508000BF241 /* CAStreamBasicDescription.h in Headers */ = {isa = PBXBuildFile; fileRef = 249353D711343508000BF241 /* CAStreamBasicDescription.h */; };
		249353E711343508000BF241 /* CAVectorUnitTypes.h in Headers */ = {isa = PBXBuildFile; fileRef = 249353D811343508000BF241 /* CAVectorUnitTypes.h */; };
		249353E811343508000BF241 /* CAVectorUnit.cpp in Sources */ = {isa = PBXBuildFile; fileRef = 249353D911343508000BF241 /* CAVectorUnit.cpp */; };
		249353E911343508000BF241 /* CAVectorUnit.h in Headers */ = {isa = PBXBuildFile; fileRef = 249353DA11343508000BF241 /* CAVectorUnit.h */; };
		2493541311343516000BF241 /* AUInstrumentBase.cpp in Sources */ = {isa = PBXBuildFile; fileRef = 249353EC11343516000BF241 /* AUInstrumentBase.cpp */; };
		2493541411343516000BF241 /* AUInstrumentBase.h in Headers */ = {isa = PBXBuildFile; fileRef = 249353ED11343516000BF241 /* AUInstrumentBase.h */; };
		2493541511343516000BF241 /* LockFreeFIFO.h in Headers */ = {isa = PBXBuildFile; fileRef = 249353EE11343516000BF241 /* LockFreeFIFO.h */; };
		2493541611343516000BF241 /* SynthElement.cpp in Sources */ = {isa = PBXBuildFile; fileRef = 249353EF11343516000BF241 /* SynthElement.cpp */; };
		2493541711343516000BF241 /* SynthElement.h in Headers */ = {isa = PBXBuildFile; fileRef = 249353F011343516000BF241 /* SynthElement.h */; };
		2493541811343516000BF241 /* SynthEvent.h in Headers */ = {isa = PBXBuildFile; fileRef = 249353F111343516000BF241 /* SynthEvent.h */; };
		2493541911343516000BF241 /* SynthNote.cpp in Sources */ = {isa = PBXBuildFile; fileRef = 249353F211343516000BF241 /* SynthNote.cpp */; };
		2493541A11343516000BF241 /* SynthNote.h in Headers */ = {isa = PBXBuildFile; fileRef = 249353F311343516000BF241 /* SynthNote.h */; };
		2493541B11343516000BF241 /* SynthNoteList.cpp in Sources */ = {isa = PBXBuildFile; fileRef = 249353F411343516000BF241 /* SynthNoteList.cpp */; };
		2493541C11343516000BF241 /* SynthNoteList.h in Headers */ = {isa = PBXBuildFile; fileRef = 249353F511343516000BF241 /* SynthNoteList.h */; };
		2493541D11343516000BF241 /* AUBase.cpp in Sources */ = {isa = PBXBuildFile; fileRef = 249353F711343516000BF241 /* AUBase.cpp */; };
		2493541E11343516000BF241 /* AUBase.h in Headers */ = {isa = PBXBuildFile; fileRef = 249353F811343516000BF241 /* AUBase.h */; };
		2493541F11343516000BF241 /* AUDispatch.cpp in Sources */ = {isa = PBXBuildFile; fileRef = 249353F911343516000BF241 /* AUDispatch.cpp */; };
		2493542011343516000BF241 /* AUDispatch.h in Headers */ = {isa = PBXBuildFile; fileRef = 249353FA11343516000BF241 /* AUDispatch.h */; };
		2493542111343516000BF241 /* AUInputElement.cpp in Sources */ = {isa = PBXBuildFile; fileRef = 249353FB11343516000BF241 /* AUInputElement.cpp */; };
		2493542211343516000BF241 /* AUInputElement.h in Headers */ = {isa = PBXBuildFile; fileRef = 249353FC11343516000BF241 /* AUInputElement.h */; };
		2493542311343516000BF241 /* AUOutputElement.cpp in Sources */ = {isa = PBXBuildFile; fileRef = 249353FD11343516000BF241 /* AUOutputElement.cpp */; };
		2493542411343516000BF241 /* AUOutputElement.h in Headers */ = {isa = PBXBuildFile; fileRef = 249353FE11343516000BF241 /* AUOutputElement.h */; };
		2493542511343516000BF241 /* AUScopeElement.cpp in Sources */ = {isa = PBXBuildFile; fileRef = 2493540011343516000BF241 /* AUScopeElement.cpp */; };
		2493542611343516000BF241 /* AUScopeElement.h in Headers */ = {isa = PBXBuildFile; fileRef = 2493540111343516000BF241 /* AUScopeElement.h */; };
		2493542711343516000BF241 /* ComponentBase.cpp in Sources */ = {isa = PBXBuildFile; fileRef = 2493540211343516000BF241 /* ComponentBase.cpp */; };
		2493542811343516000BF241 /* ComponentBase.h in Headers */ = {isa = PBXBuildFile; fileRef = 2493540311343516000BF241 /* ComponentBase.h */; };
		2493542911343516000BF241 /* MusicDeviceBase.cpp in Sources */ = {isa = PBXBuildFile; fileRef = 2493540511343516000BF241 /* MusicDeviceBase.cpp */; };
		2493542A11343516000BF241 /* MusicDeviceBase.h in Headers */ = {isa = PBXBuildFile; fileRef = 2493540611343516000BF241 /* MusicDeviceBase.h */; };
		2493542B11343516000BF241 /* AUMIDIBase.cpp in Sources */ = {isa = PBXBuildFile; fileRef = 2493540711343516000BF241 /* AUMIDIBase.cpp */; };
		2493542C11343516000BF241 /* AUMIDIBase.h in Headers */ = {isa = PBXBuildFile; fileRef = 2493540811343516000BF241 /* AUMIDIBase.h */; };
		2493542D11343516000BF241 /* AUBaseHelper.cpp in Sources */ = {isa = PBXBuildFile; fileRef = 2493540A11343516000BF241 /* AUBaseHelper.cpp */; };
		2493542E11343516000BF241 /* AUBaseHelper.h in Headers */ = {isa = PBXBuildFile; fileRef = 2493540B11343516000BF241 /* AUBaseHelper.h */; };
		2493542F11343516000BF241 /* AUBuffer.cpp in Sources */ = {isa = PBXBuildFile; fileRef = 2493540C11343516000BF241 /* AUBuffer.cpp */; };
		2493543011343516000BF241 /* AUBuffer.h in Headers */ = {isa = PBXBuildFile; fileRef = 2493540D11343516000BF241 /* AUBuffer.h */; };
		2493543111343516000BF241 /* AUDebugDispatcher.cpp in Sources */ = {isa = PBXBuildFile; fileRef = 2493540E11343516000BF241 /* AUDebugDispatcher.cpp */; };
		2493543211343516000BF241 /* AUDebugDispatcher.h in Headers */ = {isa = PBXBuildFile; fileRef = 2493540F11343516000BF241 /* AUDebugDispatcher.h */; };
		2493543311343516000BF241 /* AUInputFormatConverter.h in Headers */ = {isa = PBXBuildFile; fileRef = 2493541011343516000BF241 /* AUInputFormatConverter.h */; };
		2493543411343516000BF241 /* AUSilentTimeout.h in Headers */ = {isa = PBXBuildFile; fileRef = 2493541111343516000BF241 /* AUSilentTimeout.h */; };
		2493543511343516000BF241 /* AUTimestampGenerator.h in Headers */ = {isa = PBXBuildFile; fileRef = 2493541211343516000BF241 /* AUTimestampGenerator.h */; };
		2493544C11343673000BF241 /* AudioUnitWrapper.r in Rez */ = {isa = PBXBuildFile; fileRef = 2493544B11343673000BF241 /* AudioUnitWrapper.r */; };
		2493544E113436A2000BF241 /* AudioUnitWrapperVersion.h in Headers */ = {isa = PBXBuildFile; fileRef = 2493544D113436A2000BF241 /* AudioUnitWrapperVersion.h */; };
/* End PBXBuildFile section */

/* Begin PBXContainerItemProxy section */
		2402EC33115CC6D7003A58A9 /* PBXContainerItemProxy */ = {
			isa = PBXContainerItemProxy;
			containerPortal = 08FB7793FE84155DC02AAC07 /* Project object */;
			proxyType = 1;
			remoteGlobalIDString = 242698281133389100282ED1;
			remoteInfo = interface;
		};
		2402EC44115CC794003A58A9 /* PBXContainerItemProxy */ = {
			isa = PBXContainerItemProxy;
			containerPortal = 08FB7793FE84155DC02AAC07 /* Project object */;
			proxyType = 1;
			remoteGlobalIDString = 2402EC2D115CC6CF003A58A9;
			remoteInfo = VstWrapper;
		};
		242698AA113344AE00282ED1 /* PBXContainerItemProxy */ = {
			isa = PBXContainerItemProxy;
			containerPortal = 08FB7793FE84155DC02AAC07 /* Project object */;
			proxyType = 1;
			remoteGlobalIDString = 242698281133389100282ED1;
			remoteInfo = interface;
		};
		2426992A1133FBE700282ED1 /* PBXContainerItemProxy */ = {
			isa = PBXContainerItemProxy;
			containerPortal = 08FB7793FE84155DC02AAC07 /* Project object */;
			proxyType = 1;
			remoteGlobalIDString = 242698281133389100282ED1;
			remoteInfo = interface;
		};
		242699351133FC2200282ED1 /* PBXContainerItemProxy */ = {
			isa = PBXContainerItemProxy;
			containerPortal = 08FB7793FE84155DC02AAC07 /* Project object */;
			proxyType = 1;
			remoteGlobalIDString = 242698281133389100282ED1;
			remoteInfo = interface;
		};
		242699371133FC2200282ED1 /* PBXContainerItemProxy */ = {
			isa = PBXContainerItemProxy;
			containerPortal = 08FB7793FE84155DC02AAC07 /* Project object */;
			proxyType = 1;
			remoteGlobalIDString = 242698A5113344A600282ED1;
			remoteInfo = test;
		};
		2426993D1133FC2200282ED1 /* PBXContainerItemProxy */ = {
			isa = PBXContainerItemProxy;
			containerPortal = 08FB7793FE84155DC02AAC07 /* Project object */;
			proxyType = 1;
			remoteGlobalIDString = 242699261133FBDA00282ED1;
			remoteInfo = au;
		};
/* End PBXContainerItemProxy section */

/* Begin PBXFileReference section */
		2402EC2E115CC6CF003A58A9 /* VstWrapper.vst */ = {isa = PBXFileReference; explicitFileType = wrapper.cfbundle; includeInIndex = 0; path = VstWrapper.vst; sourceTree = BUILT_PRODUCTS_DIR; };
		2402EC3E115CC76D003A58A9 /* AudioUnitWrapper-Info.plist */ = {isa = PBXFileReference; fileEncoding = 4; lastKnownFileType = text.plist.xml; name = "AudioUnitWrapper-Info.plist"; path = "mac/AudioUnitWrapper-Info.plist"; sourceTree = "<group>"; };
		2402EC3F115CC76D003A58A9 /* VstWrapper-Info.plist */ = {isa = PBXFileReference; fileEncoding = 4; lastKnownFileType = text.plist.xml; name = "VstWrapper-Info.plist"; path = "mac/VstWrapper-Info.plist"; sourceTree = "<group>"; };
		24269803113337C200282ED1 /* AudioBuffer.cpp */ = {isa = PBXFileReference; fileEncoding = 4; lastKnownFileType = sourcecode.cpp.cpp; path = AudioBuffer.cpp; sourceTree = "<group>"; };
		24269804113337C200282ED1 /* AudioBuffer.h */ = {isa = PBXFileReference; fileEncoding = 4; lastKnownFileType = sourcecode.c.h; path = AudioBuffer.h; sourceTree = "<group>"; };
		24269805113337C200282ED1 /* AudioBufferSet.cpp */ = {isa = PBXFileReference; fileEncoding = 4; lastKnownFileType = sourcecode.cpp.cpp; path = AudioBufferSet.cpp; sourceTree = "<group>"; };
		24269806113337C200282ED1 /* AudioBufferSet.h */ = {isa = PBXFileReference; fileEncoding = 4; lastKnownFileType = sourcecode.c.h; path = AudioBufferSet.h; sourceTree = "<group>"; };
		24269808113337C200282ED1 /* Plugin.h */ = {isa = PBXFileReference; fileEncoding = 4; lastKnownFileType = sourcecode.c.h; path = Plugin.h; sourceTree = "<group>"; };
		2426980A113337C200282ED1 /* PluginLoader.h */ = {isa = PBXFileReference; fileEncoding = 4; lastKnownFileType = sourcecode.c.h; path = PluginLoader.h; sourceTree = "<group>"; };
		2426980C113337C200282ED1 /* PluginLoaderWindows.h */ = {isa = PBXFileReference; fileEncoding = 4; lastKnownFileType = sourcecode.c.h; path = PluginLoaderWindows.h; sourceTree = "<group>"; };
		2426980D113337C200282ED1 /* VstWrapper.cpp */ = {isa = PBXFileReference; fileEncoding = 4; lastKnownFileType = sourcecode.cpp.cpp; path = VstWrapper.cpp; sourceTree = "<group>"; };
		2426980E113337C200282ED1 /* VstWrapper.h */ = {isa = PBXFileReference; fileEncoding = 4; lastKnownFileType = sourcecode.c.h; path = VstWrapper.h; sourceTree = "<group>"; };
		242698291133389100282ED1 /* libinterface.a */ = {isa = PBXFileReference; explicitFileType = archive.ar; includeInIndex = 0; path = libinterface.a; sourceTree = BUILT_PRODUCTS_DIR; };
		242698301133397100282ED1 /* PluginLoaderMac.h */ = {isa = PBXFileReference; fileEncoding = 4; lastKnownFileType = sourcecode.c.h; path = PluginLoaderMac.h; sourceTree = "<group>"; };
		242698311133397100282ED1 /* PluginLoaderMac.cpp */ = {isa = PBXFileReference; fileEncoding = 4; lastKnownFileType = sourcecode.cpp.cpp; path = PluginLoaderMac.cpp; sourceTree = "<group>"; };
		242698A6113344A600282ED1 /* PluginCoreTest */ = {isa = PBXFileReference; explicitFileType = "compiled.mach-o.executable"; includeInIndex = 0; path = PluginCoreTest; sourceTree = BUILT_PRODUCTS_DIR; };
		242698BA1133454300282ED1 /* AudioBufferSetTest.cpp */ = {isa = PBXFileReference; fileEncoding = 4; lastKnownFileType = sourcecode.cpp.cpp; path = AudioBufferSetTest.cpp; sourceTree = "<group>"; };
		242698BB1133454300282ED1 /* AudioBufferTest.cpp */ = {isa = PBXFileReference; fileEncoding = 4; lastKnownFileType = sourcecode.cpp.cpp; path = AudioBufferTest.cpp; sourceTree = "<group>"; };
		242698BD1133454300282ED1 /* PluginLoaderWindowsTest.cpp */ = {isa = PBXFileReference; fileEncoding = 4; lastKnownFileType = sourcecode.cpp.cpp; path = PluginLoaderWindowsTest.cpp; sourceTree = "<group>"; };
		242698EC1133484900282ED1 /* libgtest.a */ = {isa = PBXFileReference; lastKnownFileType = archive.ar; name = libgtest.a; path = "third-party/gtest/lib/libgtest.a"; sourceTree = "<group>"; };
		242699011133489B00282ED1 /* libgtest_main.a */ = {isa = PBXFileReference; lastKnownFileType = archive.ar; name = libgtest_main.a; path = "third-party/gtest/lib/libgtest_main.a"; sourceTree = "<group>"; };
		242699271133FBDA00282ED1 /* AudioUnitWrapper. */ = {isa = PBXFileReference; explicitFileType = "compiled.mach-o.dylib"; includeInIndex = 0; path = AudioUnitWrapper.; sourceTree = BUILT_PRODUCTS_DIR; };
		2426997D113400EC00282ED1 /* PkgInfo */ = {isa = PBXFileReference; fileEncoding = 4; lastKnownFileType = text; name = PkgInfo; path = mac/PkgInfo; sourceTree = "<group>"; };
		2426999C113404C500282ED1 /* aeffeditor.h */ = {isa = PBXFileReference; fileEncoding = 4; lastKnownFileType = sourcecode.c.h; name = aeffeditor.h; path = "third-party/vstsdk2.4/public.sdk/source/vst2.x/aeffeditor.h"; sourceTree = "<group>"; };
		2426999D113404C500282ED1 /* audioeffect.cpp */ = {isa = PBXFileReference; fileEncoding = 4; lastKnownFileType = sourcecode.cpp.cpp; name = audioeffect.cpp; path = "third-party/vstsdk2.4/public.sdk/source/vst2.x/audioeffect.cpp"; sourceTree = "<group>"; };
		2426999E113404C500282ED1 /* audioeffect.h */ = {isa = PBXFileReference; fileEncoding = 4; lastKnownFileType = sourcecode.c.h; name = audioeffect.h; path = "third-party/vstsdk2.4/public.sdk/source/vst2.x/audioeffect.h"; sourceTree = "<group>"; };
		2426999F113404C500282ED1 /* audioeffectx.cpp */ = {isa = PBXFileReference; fileEncoding = 4; lastKnownFileType = sourcecode.cpp.cpp; name = audioeffectx.cpp; path = "third-party/vstsdk2.4/public.sdk/source/vst2.x/audioeffectx.cpp"; sourceTree = "<group>"; };
		242699A0113404C500282ED1 /* audioeffectx.h */ = {isa = PBXFileReference; fileEncoding = 4; lastKnownFileType = sourcecode.c.h; name = audioeffectx.h; path = "third-party/vstsdk2.4/public.sdk/source/vst2.x/audioeffectx.h"; sourceTree = "<group>"; };
		242699A1113404C500282ED1 /* vstplugmain.cpp */ = {isa = PBXFileReference; fileEncoding = 4; lastKnownFileType = sourcecode.cpp.cpp; name = vstplugmain.cpp; path = "third-party/vstsdk2.4/public.sdk/source/vst2.x/vstplugmain.cpp"; sourceTree = "<group>"; };
		242699B8113406ED00282ED1 /* QuickTime.framework */ = {isa = PBXFileReference; lastKnownFileType = wrapper.framework; name = QuickTime.framework; path = System/Library/Frameworks/QuickTime.framework; sourceTree = SDKROOT; };
		242699BB1134070400282ED1 /* Carbon.framework */ = {isa = PBXFileReference; lastKnownFileType = wrapper.framework; name = Carbon.framework; path = System/Library/Frameworks/Carbon.framework; sourceTree = SDKROOT; };
		242699C01134074000282ED1 /* ApplicationServices.framework */ = {isa = PBXFileReference; lastKnownFileType = wrapper.framework; name = ApplicationServices.framework; path = System/Library/Frameworks/ApplicationServices.framework; sourceTree = SDKROOT; };
		244D312311648AE000CD3458 /* PluginLoaderException.h */ = {isa = PBXFileReference; fileEncoding = 4; lastKnownFileType = sourcecode.c.h; path = PluginLoaderException.h; sourceTree = "<group>"; };
		244D312D11648C9B00CD3458 /* PrefixCommon.h */ = {isa = PBXFileReference; fileEncoding = 4; lastKnownFileType = sourcecode.c.h; path = PrefixCommon.h; sourceTree = "<group>"; };
		244D31C4116495BC00CD3458 /* ParameterFloat.h */ = {isa = PBXFileReference; fileEncoding = 4; lastKnownFileType = sourcecode.c.h; name = ParameterFloat.h; path = parameter/ParameterFloat.h; sourceTree = "<group>"; };
		244D31C5116495BC00CD3458 /* ParameterSetMap.cpp */ = {isa = PBXFileReference; fileEncoding = 4; lastKnownFileType = sourcecode.cpp.cpp; name = ParameterSetMap.cpp; path = parameter/ParameterSetMap.cpp; sourceTree = "<group>"; };
		244D31C6116495BC00CD3458 /* ParameterSetMap.h */ = {isa = PBXFileReference; fileEncoding = 4; lastKnownFileType = sourcecode.c.h; name = ParameterSetMap.h; path = parameter/ParameterSetMap.h; sourceTree = "<group>"; };
		244D31C7116495BC00CD3458 /* PluginParameter.h */ = {isa = PBXFileReference; fileEncoding = 4; lastKnownFileType = sourcecode.c.h; name = PluginParameter.h; path = parameter/PluginParameter.h; sourceTree = "<group>"; };
		244D31C8116495BC00CD3458 /* PluginParameterSet.h */ = {isa = PBXFileReference; fileEncoding = 4; lastKnownFileType = sourcecode.c.h; name = PluginParameterSet.h; path = parameter/PluginParameterSet.h; sourceTree = "<group>"; };
		249350F51134312D000BF241 /* AudioUnitWrapper.h */ = {isa = PBXFileReference; fileEncoding = 4; lastKnownFileType = sourcecode.c.h; path = AudioUnitWrapper.h; sourceTree = "<group>"; };
		249350F61134312D000BF241 /* AudioUnitWrapper.cpp */ = {isa = PBXFileReference; fileEncoding = 4; lastKnownFileType = sourcecode.cpp.cpp; path = AudioUnitWrapper.cpp; sourceTree = "<group>"; };
		2493511F1134332B000BF241 /* AudioUnit.framework */ = {isa = PBXFileReference; lastKnownFileType = wrapper.framework; name = AudioUnit.framework; path = System/Library/Frameworks/AudioUnit.framework; sourceTree = SDKROOT; };
		249351221134334E000BF241 /* AudioToolbox.framework */ = {isa = PBXFileReference; lastKnownFileType = wrapper.framework; name = AudioToolbox.framework; path = System/Library/Frameworks/AudioToolbox.framework; sourceTree = SDKROOT; };
		2493512511343360000BF241 /* CoreAudio.framework */ = {isa = PBXFileReference; lastKnownFileType = wrapper.framework; name = CoreAudio.framework; path = System/Library/Frameworks/CoreAudio.framework; sourceTree = SDKROOT; };
		249351EE11343372000BF241 /* CoreServices.framework */ = {isa = PBXFileReference; lastKnownFileType = wrapper.framework; name = CoreServices.framework; path = System/Library/Frameworks/CoreServices.framework; sourceTree = SDKROOT; };
		249353CC11343508000BF241 /* CAAUMIDIMap.cpp */ = {isa = PBXFileReference; fileEncoding = 4; lastKnownFileType = sourcecode.cpp.cpp; name = CAAUMIDIMap.cpp; path = Extras/CoreAudio/PublicUtility/CAAUMIDIMap.cpp; sourceTree = DEVELOPER_DIR; };
		249353CD11343508000BF241 /* CAAUMIDIMap.h */ = {isa = PBXFileReference; fileEncoding = 4; lastKnownFileType = sourcecode.c.h; name = CAAUMIDIMap.h; path = Extras/CoreAudio/PublicUtility/CAAUMIDIMap.h; sourceTree = DEVELOPER_DIR; };
		249353CE11343508000BF241 /* CAAUMIDIMapManager.cpp */ = {isa = PBXFileReference; fileEncoding = 4; lastKnownFileType = sourcecode.cpp.cpp; name = CAAUMIDIMapManager.cpp; path = Extras/CoreAudio/PublicUtility/CAAUMIDIMapManager.cpp; sourceTree = DEVELOPER_DIR; };
		249353CF11343508000BF241 /* CAAUMIDIMapManager.h */ = {isa = PBXFileReference; fileEncoding = 4; lastKnownFileType = sourcecode.c.h; name = CAAUMIDIMapManager.h; path = Extras/CoreAudio/PublicUtility/CAAUMIDIMapManager.h; sourceTree = DEVELOPER_DIR; };
		249353D011343508000BF241 /* CAAUParameter.cpp */ = {isa = PBXFileReference; fileEncoding = 4; lastKnownFileType = sourcecode.cpp.cpp; name = CAAUParameter.cpp; path = Extras/CoreAudio/PublicUtility/CAAUParameter.cpp; sourceTree = DEVELOPER_DIR; };
		249353D111343508000BF241 /* CAAUParameter.h */ = {isa = PBXFileReference; fileEncoding = 4; lastKnownFileType = sourcecode.c.h; name = CAAUParameter.h; path = Extras/CoreAudio/PublicUtility/CAAUParameter.h; sourceTree = DEVELOPER_DIR; };
		249353D211343508000BF241 /* CAAudioChannelLayout.cpp */ = {isa = PBXFileReference; fileEncoding = 4; lastKnownFileType = sourcecode.cpp.cpp; name = CAAudioChannelLayout.cpp; path = Extras/CoreAudio/PublicUtility/CAAudioChannelLayout.cpp; sourceTree = DEVELOPER_DIR; };
		249353D311343508000BF241 /* CAAudioChannelLayout.h */ = {isa = PBXFileReference; fileEncoding = 4; lastKnownFileType = sourcecode.c.h; name = CAAudioChannelLayout.h; path = Extras/CoreAudio/PublicUtility/CAAudioChannelLayout.h; sourceTree = DEVELOPER_DIR; };
		249353D411343508000BF241 /* CAMutex.cpp */ = {isa = PBXFileReference; fileEncoding = 4; lastKnownFileType = sourcecode.cpp.cpp; name = CAMutex.cpp; path = Extras/CoreAudio/PublicUtility/CAMutex.cpp; sourceTree = DEVELOPER_DIR; };
		249353D511343508000BF241 /* CAMutex.h */ = {isa = PBXFileReference; fileEncoding = 4; lastKnownFileType = sourcecode.c.h; name = CAMutex.h; path = Extras/CoreAudio/PublicUtility/CAMutex.h; sourceTree = DEVELOPER_DIR; };
		249353D611343508000BF241 /* CAStreamBasicDescription.cpp */ = {isa = PBXFileReference; fileEncoding = 4; lastKnownFileType = sourcecode.cpp.cpp; name = CAStreamBasicDescription.cpp; path = Extras/CoreAudio/PublicUtility/CAStreamBasicDescription.cpp; sourceTree = DEVELOPER_DIR; };
		249353D711343508000BF241 /* CAStreamBasicDescription.h */ = {isa = PBXFileReference; fileEncoding = 4; lastKnownFileType = sourcecode.c.h; name = CAStreamBasicDescription.h; path = Extras/CoreAudio/PublicUtility/CAStreamBasicDescription.h; sourceTree = DEVELOPER_DIR; };
		249353D811343508000BF241 /* CAVectorUnitTypes.h */ = {isa = PBXFileReference; fileEncoding = 4; lastKnownFileType = sourcecode.c.h; name = CAVectorUnitTypes.h; path = Extras/CoreAudio/PublicUtility/CAVectorUnitTypes.h; sourceTree = DEVELOPER_DIR; };
		249353D911343508000BF241 /* CAVectorUnit.cpp */ = {isa = PBXFileReference; fileEncoding = 4; lastKnownFileType = sourcecode.cpp.cpp; name = CAVectorUnit.cpp; path = Extras/CoreAudio/PublicUtility/CAVectorUnit.cpp; sourceTree = DEVELOPER_DIR; };
		249353DA11343508000BF241 /* CAVectorUnit.h */ = {isa = PBXFileReference; fileEncoding = 4; lastKnownFileType = sourcecode.c.h; name = CAVectorUnit.h; path = Extras/CoreAudio/PublicUtility/CAVectorUnit.h; sourceTree = DEVELOPER_DIR; };
		249353EC11343516000BF241 /* AUInstrumentBase.cpp */ = {isa = PBXFileReference; fileEncoding = 4; lastKnownFileType = sourcecode.cpp.cpp; name = AUInstrumentBase.cpp; path = Extras/CoreAudio/AudioUnits/AUPublic/AUInstrumentBase/AUInstrumentBase.cpp; sourceTree = DEVELOPER_DIR; };
		249353ED11343516000BF241 /* AUInstrumentBase.h */ = {isa = PBXFileReference; fileEncoding = 4; lastKnownFileType = sourcecode.c.h; name = AUInstrumentBase.h; path = Extras/CoreAudio/AudioUnits/AUPublic/AUInstrumentBase/AUInstrumentBase.h; sourceTree = DEVELOPER_DIR; };
		249353EE11343516000BF241 /* LockFreeFIFO.h */ = {isa = PBXFileReference; fileEncoding = 4; lastKnownFileType = sourcecode.c.h; name = LockFreeFIFO.h; path = Extras/CoreAudio/AudioUnits/AUPublic/AUInstrumentBase/LockFreeFIFO.h; sourceTree = DEVELOPER_DIR; };
		249353EF11343516000BF241 /* SynthElement.cpp */ = {isa = PBXFileReference; fileEncoding = 4; lastKnownFileType = sourcecode.cpp.cpp; name = SynthElement.cpp; path = Extras/CoreAudio/AudioUnits/AUPublic/AUInstrumentBase/SynthElement.cpp; sourceTree = DEVELOPER_DIR; };
		249353F011343516000BF241 /* SynthElement.h */ = {isa = PBXFileReference; fileEncoding = 4; lastKnownFileType = sourcecode.c.h; name = SynthElement.h; path = Extras/CoreAudio/AudioUnits/AUPublic/AUInstrumentBase/SynthElement.h; sourceTree = DEVELOPER_DIR; };
		249353F111343516000BF241 /* SynthEvent.h */ = {isa = PBXFileReference; fileEncoding = 4; lastKnownFileType = sourcecode.c.h; name = SynthEvent.h; path = Extras/CoreAudio/AudioUnits/AUPublic/AUInstrumentBase/SynthEvent.h; sourceTree = DEVELOPER_DIR; };
		249353F211343516000BF241 /* SynthNote.cpp */ = {isa = PBXFileReference; fileEncoding = 4; lastKnownFileType = sourcecode.cpp.cpp; name = SynthNote.cpp; path = Extras/CoreAudio/AudioUnits/AUPublic/AUInstrumentBase/SynthNote.cpp; sourceTree = DEVELOPER_DIR; };
		249353F311343516000BF241 /* SynthNote.h */ = {isa = PBXFileReference; fileEncoding = 4; lastKnownFileType = sourcecode.c.h; name = SynthNote.h; path = Extras/CoreAudio/AudioUnits/AUPublic/AUInstrumentBase/SynthNote.h; sourceTree = DEVELOPER_DIR; };
		249353F411343516000BF241 /* SynthNoteList.cpp */ = {isa = PBXFileReference; fileEncoding = 4; lastKnownFileType = sourcecode.cpp.cpp; name = SynthNoteList.cpp; path = Extras/CoreAudio/AudioUnits/AUPublic/AUInstrumentBase/SynthNoteList.cpp; sourceTree = DEVELOPER_DIR; };
		249353F511343516000BF241 /* SynthNoteList.h */ = {isa = PBXFileReference; fileEncoding = 4; lastKnownFileType = sourcecode.c.h; name = SynthNoteList.h; path = Extras/CoreAudio/AudioUnits/AUPublic/AUInstrumentBase/SynthNoteList.h; sourceTree = DEVELOPER_DIR; };
		249353F711343516000BF241 /* AUBase.cpp */ = {isa = PBXFileReference; fileEncoding = 4; lastKnownFileType = sourcecode.cpp.cpp; name = AUBase.cpp; path = Extras/CoreAudio/AudioUnits/AUPublic/AUBase/AUBase.cpp; sourceTree = DEVELOPER_DIR; };
		249353F811343516000BF241 /* AUBase.h */ = {isa = PBXFileReference; fileEncoding = 4; lastKnownFileType = sourcecode.c.h; name = AUBase.h; path = Extras/CoreAudio/AudioUnits/AUPublic/AUBase/AUBase.h; sourceTree = DEVELOPER_DIR; };
		249353F911343516000BF241 /* AUDispatch.cpp */ = {isa = PBXFileReference; fileEncoding = 4; lastKnownFileType = sourcecode.cpp.cpp; name = AUDispatch.cpp; path = Extras/CoreAudio/AudioUnits/AUPublic/AUBase/AUDispatch.cpp; sourceTree = DEVELOPER_DIR; };
		249353FA11343516000BF241 /* AUDispatch.h */ = {isa = PBXFileReference; fileEncoding = 4; lastKnownFileType = sourcecode.c.h; name = AUDispatch.h; path = Extras/CoreAudio/AudioUnits/AUPublic/AUBase/AUDispatch.h; sourceTree = DEVELOPER_DIR; };
		249353FB11343516000BF241 /* AUInputElement.cpp */ = {isa = PBXFileReference; fileEncoding = 4; lastKnownFileType = sourcecode.cpp.cpp; name = AUInputElement.cpp; path = Extras/CoreAudio/AudioUnits/AUPublic/AUBase/AUInputElement.cpp; sourceTree = DEVELOPER_DIR; };
		249353FC11343516000BF241 /* AUInputElement.h */ = {isa = PBXFileReference; fileEncoding = 4; lastKnownFileType = sourcecode.c.h; name = AUInputElement.h; path = Extras/CoreAudio/AudioUnits/AUPublic/AUBase/AUInputElement.h; sourceTree = DEVELOPER_DIR; };
		249353FD11343516000BF241 /* AUOutputElement.cpp */ = {isa = PBXFileReference; fileEncoding = 4; lastKnownFileType = sourcecode.cpp.cpp; name = AUOutputElement.cpp; path = Extras/CoreAudio/AudioUnits/AUPublic/AUBase/AUOutputElement.cpp; sourceTree = DEVELOPER_DIR; };
		249353FE11343516000BF241 /* AUOutputElement.h */ = {isa = PBXFileReference; fileEncoding = 4; lastKnownFileType = sourcecode.c.h; name = AUOutputElement.h; path = Extras/CoreAudio/AudioUnits/AUPublic/AUBase/AUOutputElement.h; sourceTree = DEVELOPER_DIR; };
		249353FF11343516000BF241 /* AUResources.r */ = {isa = PBXFileReference; fileEncoding = 4; lastKnownFileType = sourcecode.rez; name = AUResources.r; path = Extras/CoreAudio/AudioUnits/AUPublic/AUBase/AUResources.r; sourceTree = DEVELOPER_DIR; };
		2493540011343516000BF241 /* AUScopeElement.cpp */ = {isa = PBXFileReference; fileEncoding = 4; lastKnownFileType = sourcecode.cpp.cpp; name = AUScopeElement.cpp; path = Extras/CoreAudio/AudioUnits/AUPublic/AUBase/AUScopeElement.cpp; sourceTree = DEVELOPER_DIR; };
		2493540111343516000BF241 /* AUScopeElement.h */ = {isa = PBXFileReference; fileEncoding = 4; lastKnownFileType = sourcecode.c.h; name = AUScopeElement.h; path = Extras/CoreAudio/AudioUnits/AUPublic/AUBase/AUScopeElement.h; sourceTree = DEVELOPER_DIR; };
		2493540211343516000BF241 /* ComponentBase.cpp */ = {isa = PBXFileReference; fileEncoding = 4; lastKnownFileType = sourcecode.cpp.cpp; name = ComponentBase.cpp; path = Extras/CoreAudio/AudioUnits/AUPublic/AUBase/ComponentBase.cpp; sourceTree = DEVELOPER_DIR; };
		2493540311343516000BF241 /* ComponentBase.h */ = {isa = PBXFileReference; fileEncoding = 4; lastKnownFileType = sourcecode.c.h; name = ComponentBase.h; path = Extras/CoreAudio/AudioUnits/AUPublic/AUBase/ComponentBase.h; sourceTree = DEVELOPER_DIR; };
		2493540511343516000BF241 /* MusicDeviceBase.cpp */ = {isa = PBXFileReference; fileEncoding = 4; lastKnownFileType = sourcecode.cpp.cpp; name = MusicDeviceBase.cpp; path = Extras/CoreAudio/AudioUnits/AUPublic/OtherBases/MusicDeviceBase.cpp; sourceTree = DEVELOPER_DIR; };
		2493540611343516000BF241 /* MusicDeviceBase.h */ = {isa = PBXFileReference; fileEncoding = 4; lastKnownFileType = sourcecode.c.h; name = MusicDeviceBase.h; path = Extras/CoreAudio/AudioUnits/AUPublic/OtherBases/MusicDeviceBase.h; sourceTree = DEVELOPER_DIR; };
		2493540711343516000BF241 /* AUMIDIBase.cpp */ = {isa = PBXFileReference; fileEncoding = 4; lastKnownFileType = sourcecode.cpp.cpp; name = AUMIDIBase.cpp; path = Extras/CoreAudio/AudioUnits/AUPublic/OtherBases/AUMIDIBase.cpp; sourceTree = DEVELOPER_DIR; };
		2493540811343516000BF241 /* AUMIDIBase.h */ = {isa = PBXFileReference; fileEncoding = 4; lastKnownFileType = sourcecode.c.h; name = AUMIDIBase.h; path = Extras/CoreAudio/AudioUnits/AUPublic/OtherBases/AUMIDIBase.h; sourceTree = DEVELOPER_DIR; };
		2493540A11343516000BF241 /* AUBaseHelper.cpp */ = {isa = PBXFileReference; fileEncoding = 4; lastKnownFileType = sourcecode.cpp.cpp; name = AUBaseHelper.cpp; path = Extras/CoreAudio/AudioUnits/AUPublic/Utility/AUBaseHelper.cpp; sourceTree = DEVELOPER_DIR; };
		2493540B11343516000BF241 /* AUBaseHelper.h */ = {isa = PBXFileReference; fileEncoding = 4; lastKnownFileType = sourcecode.c.h; name = AUBaseHelper.h; path = Extras/CoreAudio/AudioUnits/AUPublic/Utility/AUBaseHelper.h; sourceTree = DEVELOPER_DIR; };
		2493540C11343516000BF241 /* AUBuffer.cpp */ = {isa = PBXFileReference; fileEncoding = 4; lastKnownFileType = sourcecode.cpp.cpp; name = AUBuffer.cpp; path = Extras/CoreAudio/AudioUnits/AUPublic/Utility/AUBuffer.cpp; sourceTree = DEVELOPER_DIR; };
		2493540D11343516000BF241 /* AUBuffer.h */ = {isa = PBXFileReference; fileEncoding = 4; lastKnownFileType = sourcecode.c.h; name = AUBuffer.h; path = Extras/CoreAudio/AudioUnits/AUPublic/Utility/AUBuffer.h; sourceTree = DEVELOPER_DIR; };
		2493540E11343516000BF241 /* AUDebugDispatcher.cpp */ = {isa = PBXFileReference; fileEncoding = 4; lastKnownFileType = sourcecode.cpp.cpp; name = AUDebugDispatcher.cpp; path = Extras/CoreAudio/AudioUnits/AUPublic/Utility/AUDebugDispatcher.cpp; sourceTree = DEVELOPER_DIR; };
		2493540F11343516000BF241 /* AUDebugDispatcher.h */ = {isa = PBXFileReference; fileEncoding = 4; lastKnownFileType = sourcecode.c.h; name = AUDebugDispatcher.h; path = Extras/CoreAudio/AudioUnits/AUPublic/Utility/AUDebugDispatcher.h; sourceTree = DEVELOPER_DIR; };
		2493541011343516000BF241 /* AUInputFormatConverter.h */ = {isa = PBXFileReference; fileEncoding = 4; lastKnownFileType = sourcecode.c.h; name = AUInputFormatConverter.h; path = Extras/CoreAudio/AudioUnits/AUPublic/Utility/AUInputFormatConverter.h; sourceTree = DEVELOPER_DIR; };
		2493541111343516000BF241 /* AUSilentTimeout.h */ = {isa = PBXFileReference; fileEncoding = 4; lastKnownFileType = sourcecode.c.h; name = AUSilentTimeout.h; path = Extras/CoreAudio/AudioUnits/AUPublic/Utility/AUSilentTimeout.h; sourceTree = DEVELOPER_DIR; };
		2493541211343516000BF241 /* AUTimestampGenerator.h */ = {isa = PBXFileReference; fileEncoding = 4; lastKnownFileType = sourcecode.c.h; name = AUTimestampGenerator.h; path = Extras/CoreAudio/AudioUnits/AUPublic/Utility/AUTimestampGenerator.h; sourceTree = DEVELOPER_DIR; };
		2493544511343600000BF241 /* AudioUnitWrapper.exp */ = {isa = PBXFileReference; fileEncoding = 4; lastKnownFileType = sourcecode.exports; name = AudioUnitWrapper.exp; path = mac/AudioUnitWrapper.exp; sourceTree = "<group>"; };
		2493544B11343673000BF241 /* AudioUnitWrapper.r */ = {isa = PBXFileReference; fileEncoding = 4; lastKnownFileType = sourcecode.rez; name = AudioUnitWrapper.r; path = mac/AudioUnitWrapper.r; sourceTree = "<group>"; };
		2493544D113436A2000BF241 /* AudioUnitWrapperVersion.h */ = {isa = PBXFileReference; fileEncoding = 4; lastKnownFileType = sourcecode.c.h; name = AudioUnitWrapperVersion.h; path = mac/AudioUnitWrapperVersion.h; sourceTree = "<group>"; };
		24A561BC1158C525005F03C2 /* PrefixMac.h */ = {isa = PBXFileReference; fileEncoding = 4; lastKnownFileType = sourcecode.c.h; name = PrefixMac.h; path = mac/PrefixMac.h; sourceTree = "<group>"; };
/* End PBXFileReference section */

/* Begin PBXFrameworksBuildPhase section */
		2402EC2C115CC6CF003A58A9 /* Frameworks */ = {
			isa = PBXFrameworksBuildPhase;
			buildActionMask = 2147483647;
			files = (
				2402EE00115CC7CE003A58A9 /* ApplicationServices.framework in Frameworks */,
				2402EE01115CC7CE003A58A9 /* Carbon.framework in Frameworks */,
				2402EE02115CC7CE003A58A9 /* libinterface.a in Frameworks */,
				2402EE04115CC7CE003A58A9 /* QuickTime.framework in Frameworks */,
			);
			runOnlyForDeploymentPostprocessing = 0;
		};
		242698271133389100282ED1 /* Frameworks */ = {
			isa = PBXFrameworksBuildPhase;
			buildActionMask = 2147483647;
			files = (
			);
			runOnlyForDeploymentPostprocessing = 0;
		};
		242698A4113344A600282ED1 /* Frameworks */ = {
			isa = PBXFrameworksBuildPhase;
			buildActionMask = 2147483647;
			files = (
				242698AE113344B500282ED1 /* libinterface.a in Frameworks */,
				242698ED1133484900282ED1 /* libgtest.a in Frameworks */,
				242699021133489B00282ED1 /* libgtest_main.a in Frameworks */,
			);
			runOnlyForDeploymentPostprocessing = 0;
		};
		242699251133FBDA00282ED1 /* Frameworks */ = {
			isa = PBXFrameworksBuildPhase;
			buildActionMask = 2147483647;
			files = (
				249353AD1134337C000BF241 /* ApplicationServices.framework in Frameworks */,
				249353AE1134337C000BF241 /* AudioToolbox.framework in Frameworks */,
				249353AF1134337C000BF241 /* AudioUnit.framework in Frameworks */,
				249353B01134337C000BF241 /* Carbon.framework in Frameworks */,
				249353B11134337C000BF241 /* CoreAudio.framework in Frameworks */,
				249353B21134337C000BF241 /* CoreServices.framework in Frameworks */,
				249353B31134337C000BF241 /* QuickTime.framework in Frameworks */,
				2426992E1133FBEC00282ED1 /* libinterface.a in Frameworks */,
			);
			runOnlyForDeploymentPostprocessing = 0;
		};
/* End PBXFrameworksBuildPhase section */

/* Begin PBXGroup section */
		08FB7794FE84155DC02AAC07 /* plugincore */ = {
			isa = PBXGroup;
			children = (
				249353C0113434D8000BF241 /* AudioUnit SDK */,
				242699301133FBFF00282ED1 /* Libs */,
				242698231133381000282ED1 /* Products */,
				242699791134009300282ED1 /* Resources */,
				24269800113337C200282ED1 /* Source */,
				242698B71133454300282ED1 /* Test */,
				2426999B113404AA00282ED1 /* VST SDK */,
			);
			name = plugincore;
			sourceTree = "<group>";
		};
		24269800113337C200282ED1 /* Source */ = {
			isa = PBXGroup;
			children = (
				24269801113337C200282ED1 /* plugincore */,
				24269809113337C200282ED1 /* wrapper */,
				244D312D11648C9B00CD3458 /* PrefixCommon.h */,
			);
			name = Source;
			path = source;
			sourceTree = "<group>";
		};
		24269801113337C200282ED1 /* plugincore */ = {
			isa = PBXGroup;
			children = (
				24269802113337C200282ED1 /* buffer */,
				244D31C3116495AC00CD3458 /* parameter */,
				24269807113337C200282ED1 /* plugin */,
			);
			path = plugincore;
			sourceTree = "<group>";
		};
		24269802113337C200282ED1 /* buffer */ = {
			isa = PBXGroup;
			children = (
				24269803113337C200282ED1 /* AudioBuffer.cpp */,
				24269805113337C200282ED1 /* AudioBufferSet.cpp */,
				24269804113337C200282ED1 /* AudioBuffer.h */,
				24269806113337C200282ED1 /* AudioBufferSet.h */,
			);
			path = buffer;
			sourceTree = "<group>";
		};
		24269807113337C200282ED1 /* plugin */ = {
			isa = PBXGroup;
			children = (
				24269808113337C200282ED1 /* Plugin.h */,
			);
			path = plugin;
			sourceTree = "<group>";
		};
		24269809113337C200282ED1 /* wrapper */ = {
			isa = PBXGroup;
			children = (
				249350F61134312D000BF241 /* AudioUnitWrapper.cpp */,
				242698311133397100282ED1 /* PluginLoaderMac.cpp */,
				2426980D113337C200282ED1 /* VstWrapper.cpp */,
				249350F51134312D000BF241 /* AudioUnitWrapper.h */,
				2426980A113337C200282ED1 /* PluginLoader.h */,
				244D312311648AE000CD3458 /* PluginLoaderException.h */,
				242698301133397100282ED1 /* PluginLoaderMac.h */,
				2426980C113337C200282ED1 /* PluginLoaderWindows.h */,
				2426980E113337C200282ED1 /* VstWrapper.h */,
			);
			path = wrapper;
			sourceTree = "<group>";
		};
		242698231133381000282ED1 /* Products */ = {
			isa = PBXGroup;
			children = (
				242699271133FBDA00282ED1 /* AudioUnitWrapper. */,
				242698A6113344A600282ED1 /* PluginCoreTest */,
				242698291133389100282ED1 /* libinterface.a */,
				2402EC2E115CC6CF003A58A9 /* VstWrapper.vst */,
			);
			name = Products;
			sourceTree = "<group>";
		};
		242698B71133454300282ED1 /* Test */ = {
			isa = PBXGroup;
			children = (
				242698B81133454300282ED1 /* interface */,
				242698BC1133454300282ED1 /* wrapper */,
			);
			name = Test;
			path = test;
			sourceTree = "<group>";
		};
		242698B81133454300282ED1 /* interface */ = {
			isa = PBXGroup;
			children = (
				242698B91133454300282ED1 /* buffer */,
			);
			path = interface;
			sourceTree = "<group>";
		};
		242698B91133454300282ED1 /* buffer */ = {
			isa = PBXGroup;
			children = (
				242698BA1133454300282ED1 /* AudioBufferSetTest.cpp */,
				242698BB1133454300282ED1 /* AudioBufferTest.cpp */,
			);
			path = buffer;
			sourceTree = "<group>";
		};
		242698BC1133454300282ED1 /* wrapper */ = {
			isa = PBXGroup;
			children = (
				242698BD1133454300282ED1 /* PluginLoaderWindowsTest.cpp */,
			);
			path = wrapper;
			sourceTree = "<group>";
		};
		242699301133FBFF00282ED1 /* Libs */ = {
			isa = PBXGroup;
			children = (
				242698EC1133484900282ED1 /* libgtest.a */,
				242699011133489B00282ED1 /* libgtest_main.a */,
				242699C01134074000282ED1 /* ApplicationServices.framework */,
				249351221134334E000BF241 /* AudioToolbox.framework */,
				2493511F1134332B000BF241 /* AudioUnit.framework */,
				242699BB1134070400282ED1 /* Carbon.framework */,
				2493512511343360000BF241 /* CoreAudio.framework */,
				249351EE11343372000BF241 /* CoreServices.framework */,
				242699B8113406ED00282ED1 /* QuickTime.framework */,
			);
			name = Libs;
			sourceTree = "<group>";
		};
		242699791134009300282ED1 /* Resources */ = {
			isa = PBXGroup;
			children = (
				2426997D113400EC00282ED1 /* PkgInfo */,
				2493544511343600000BF241 /* AudioUnitWrapper.exp */,
				2493544D113436A2000BF241 /* AudioUnitWrapperVersion.h */,
				24A561BC1158C525005F03C2 /* PrefixMac.h */,
				2402EC3E115CC76D003A58A9 /* AudioUnitWrapper-Info.plist */,
				2402EC3F115CC76D003A58A9 /* VstWrapper-Info.plist */,
				2493544B11343673000BF241 /* AudioUnitWrapper.r */,
			);
			name = Resources;
			sourceTree = "<group>";
		};
		2426999B113404AA00282ED1 /* VST SDK */ = {
			isa = PBXGroup;
			children = (
				2426999D113404C500282ED1 /* audioeffect.cpp */,
				2426999F113404C500282ED1 /* audioeffectx.cpp */,
				242699A1113404C500282ED1 /* vstplugmain.cpp */,
				2426999C113404C500282ED1 /* aeffeditor.h */,
				2426999E113404C500282ED1 /* audioeffect.h */,
				242699A0113404C500282ED1 /* audioeffectx.h */,
			);
			name = "VST SDK";
			sourceTree = "<group>";
		};
		244D31C3116495AC00CD3458 /* parameter */ = {
			isa = PBXGroup;
			children = (
				244D31C5116495BC00CD3458 /* ParameterSetMap.cpp */,
				244D31C4116495BC00CD3458 /* ParameterFloat.h */,
				244D31C6116495BC00CD3458 /* ParameterSetMap.h */,
				244D31C7116495BC00CD3458 /* PluginParameter.h */,
				244D31C8116495BC00CD3458 /* PluginParameterSet.h */,
			);
			name = parameter;
			sourceTree = "<group>";
		};
		249353C0113434D8000BF241 /* AudioUnit SDK */ = {
			isa = PBXGroup;
			children = (
				249353EA11343516000BF241 /* AUPublic */,
				249353CB11343508000BF241 /* PublicUtility */,
			);
			name = "AudioUnit SDK";
			sourceTree = "<group>";
		};
		249353CB11343508000BF241 /* PublicUtility */ = {
			isa = PBXGroup;
			children = (
				249353CC11343508000BF241 /* CAAUMIDIMap.cpp */,
				249353CD11343508000BF241 /* CAAUMIDIMap.h */,
				249353CE11343508000BF241 /* CAAUMIDIMapManager.cpp */,
				249353CF11343508000BF241 /* CAAUMIDIMapManager.h */,
				249353D011343508000BF241 /* CAAUParameter.cpp */,
				249353D111343508000BF241 /* CAAUParameter.h */,
				249353D211343508000BF241 /* CAAudioChannelLayout.cpp */,
				249353D311343508000BF241 /* CAAudioChannelLayout.h */,
				249353D411343508000BF241 /* CAMutex.cpp */,
				249353D511343508000BF241 /* CAMutex.h */,
				249353D611343508000BF241 /* CAStreamBasicDescription.cpp */,
				249353D711343508000BF241 /* CAStreamBasicDescription.h */,
				249353D811343508000BF241 /* CAVectorUnitTypes.h */,
				249353D911343508000BF241 /* CAVectorUnit.cpp */,
				249353DA11343508000BF241 /* CAVectorUnit.h */,
			);
			name = PublicUtility;
			path = Extras/CoreAudio/PublicUtility;
			sourceTree = DEVELOPER_DIR;
		};
		249353EA11343516000BF241 /* AUPublic */ = {
			isa = PBXGroup;
			children = (
				249353EB11343516000BF241 /* AUInstrumentBase */,
				249353F611343516000BF241 /* AUBase */,
				2493540411343516000BF241 /* OtherBases */,
				2493540911343516000BF241 /* Utility */,
			);
			name = AUPublic;
			path = Extras/CoreAudio/AudioUnits/AUPublic;
			sourceTree = DEVELOPER_DIR;
		};
		249353EB11343516000BF241 /* AUInstrumentBase */ = {
			isa = PBXGroup;
			children = (
				249353EC11343516000BF241 /* AUInstrumentBase.cpp */,
				249353ED11343516000BF241 /* AUInstrumentBase.h */,
				249353EE11343516000BF241 /* LockFreeFIFO.h */,
				249353EF11343516000BF241 /* SynthElement.cpp */,
				249353F011343516000BF241 /* SynthElement.h */,
				249353F111343516000BF241 /* SynthEvent.h */,
				249353F211343516000BF241 /* SynthNote.cpp */,
				249353F311343516000BF241 /* SynthNote.h */,
				249353F411343516000BF241 /* SynthNoteList.cpp */,
				249353F511343516000BF241 /* SynthNoteList.h */,
			);
			name = AUInstrumentBase;
			path = Extras/CoreAudio/AudioUnits/AUPublic/AUInstrumentBase;
			sourceTree = DEVELOPER_DIR;
		};
		249353F611343516000BF241 /* AUBase */ = {
			isa = PBXGroup;
			children = (
				249353F711343516000BF241 /* AUBase.cpp */,
				249353F811343516000BF241 /* AUBase.h */,
				249353F911343516000BF241 /* AUDispatch.cpp */,
				249353FA11343516000BF241 /* AUDispatch.h */,
				249353FB11343516000BF241 /* AUInputElement.cpp */,
				249353FC11343516000BF241 /* AUInputElement.h */,
				249353FD11343516000BF241 /* AUOutputElement.cpp */,
				249353FE11343516000BF241 /* AUOutputElement.h */,
				249353FF11343516000BF241 /* AUResources.r */,
				2493540011343516000BF241 /* AUScopeElement.cpp */,
				2493540111343516000BF241 /* AUScopeElement.h */,
				2493540211343516000BF241 /* ComponentBase.cpp */,
				2493540311343516000BF241 /* ComponentBase.h */,
			);
			name = AUBase;
			path = Extras/CoreAudio/AudioUnits/AUPublic/AUBase;
			sourceTree = DEVELOPER_DIR;
		};
		2493540411343516000BF241 /* OtherBases */ = {
			isa = PBXGroup;
			children = (
				2493540511343516000BF241 /* MusicDeviceBase.cpp */,
				2493540611343516000BF241 /* MusicDeviceBase.h */,
				2493540711343516000BF241 /* AUMIDIBase.cpp */,
				2493540811343516000BF241 /* AUMIDIBase.h */,
			);
			name = OtherBases;
			path = Extras/CoreAudio/AudioUnits/AUPublic/OtherBases;
			sourceTree = DEVELOPER_DIR;
		};
		2493540911343516000BF241 /* Utility */ = {
			isa = PBXGroup;
			children = (
				2493540A11343516000BF241 /* AUBaseHelper.cpp */,
				2493540B11343516000BF241 /* AUBaseHelper.h */,
				2493540C11343516000BF241 /* AUBuffer.cpp */,
				2493540D11343516000BF241 /* AUBuffer.h */,
				2493540E11343516000BF241 /* AUDebugDispatcher.cpp */,
				2493540F11343516000BF241 /* AUDebugDispatcher.h */,
				2493541011343516000BF241 /* AUInputFormatConverter.h */,
				2493541111343516000BF241 /* AUSilentTimeout.h */,
				2493541211343516000BF241 /* AUTimestampGenerator.h */,
			);
			name = Utility;
			path = Extras/CoreAudio/AudioUnits/AUPublic/Utility;
			sourceTree = DEVELOPER_DIR;
		};
/* End PBXGroup section */

/* Begin PBXHeadersBuildPhase section */
		242698251133389100282ED1 /* Headers */ = {
			isa = PBXHeadersBuildPhase;
			buildActionMask = 2147483647;
			files = (
				244D312E11648C9B00CD3458 /* PrefixCommon.h in Headers */,
				244D31C9116495BC00CD3458 /* ParameterFloat.h in Headers */,
				244D31CB116495BC00CD3458 /* ParameterSetMap.h in Headers */,
				244D31CC116495BC00CD3458 /* PluginParameter.h in Headers */,
				244D31CD116495BC00CD3458 /* PluginParameterSet.h in Headers */,
			);
			runOnlyForDeploymentPostprocessing = 0;
		};
		242699231133FBDA00282ED1 /* Headers */ = {
			isa = PBXHeadersBuildPhase;
			buildActionMask = 2147483647;
			files = (
				249350F71134312D000BF241 /* AudioUnitWrapper.h in Headers */,
				249353DC11343508000BF241 /* CAAUMIDIMap.h in Headers */,
				249353DE11343508000BF241 /* CAAUMIDIMapManager.h in Headers */,
				249353E011343508000BF241 /* CAAUParameter.h in Headers */,
				249353E211343508000BF241 /* CAAudioChannelLayout.h in Headers */,
				249353E411343508000BF241 /* CAMutex.h in Headers */,
				249353E611343508000BF241 /* CAStreamBasicDescription.h in Headers */,
				249353E711343508000BF241 /* CAVectorUnitTypes.h in Headers */,
				249353E911343508000BF241 /* CAVectorUnit.h in Headers */,
				2493541411343516000BF241 /* AUInstrumentBase.h in Headers */,
				2493541511343516000BF241 /* LockFreeFIFO.h in Headers */,
				2493541711343516000BF241 /* SynthElement.h in Headers */,
				2493541811343516000BF241 /* SynthEvent.h in Headers */,
				2493541A11343516000BF241 /* SynthNote.h in Headers */,
				2493541C11343516000BF241 /* SynthNoteList.h in Headers */,
				2493541E11343516000BF241 /* AUBase.h in Headers */,
				2493542011343516000BF241 /* AUDispatch.h in Headers */,
				2493542211343516000BF241 /* AUInputElement.h in Headers */,
				2493542411343516000BF241 /* AUOutputElement.h in Headers */,
				2493542611343516000BF241 /* AUScopeElement.h in Headers */,
				2493542811343516000BF241 /* ComponentBase.h in Headers */,
				2493542A11343516000BF241 /* MusicDeviceBase.h in Headers */,
				2493542C11343516000BF241 /* AUMIDIBase.h in Headers */,
				2493542E11343516000BF241 /* AUBaseHelper.h in Headers */,
				2493543011343516000BF241 /* AUBuffer.h in Headers */,
				2493543211343516000BF241 /* AUDebugDispatcher.h in Headers */,
				2493543311343516000BF241 /* AUInputFormatConverter.h in Headers */,
				2493543411343516000BF241 /* AUSilentTimeout.h in Headers */,
				2493543511343516000BF241 /* AUTimestampGenerator.h in Headers */,
				2493544E113436A2000BF241 /* AudioUnitWrapperVersion.h in Headers */,
			);
			runOnlyForDeploymentPostprocessing = 0;
		};
/* End PBXHeadersBuildPhase section */

/* Begin PBXNativeTarget section */
		2402EC2D115CC6CF003A58A9 /* VstWrapper-24 */ = {
			isa = PBXNativeTarget;
			buildConfigurationList = 2402EC32115CC6D0003A58A9 /* Build configuration list for PBXNativeTarget "VstWrapper-24" */;
			buildPhases = (
				2402EC2A115CC6CF003A58A9 /* Resources */,
				2402EC2B115CC6CF003A58A9 /* Sources */,
				2402EC2C115CC6CF003A58A9 /* Frameworks */,
				244D313411648D5D00CD3458 /* ShellScript */,
			);
			buildRules = (
			);
			dependencies = (
				2402EC34115CC6D7003A58A9 /* PBXTargetDependency */,
			);
			name = "VstWrapper-24";
			productName = VstWrapper;
			productReference = 2402EC2E115CC6CF003A58A9 /* VstWrapper.vst */;
			productType = "com.apple.product-type.bundle";
		};
		242698281133389100282ED1 /* PluginCore Interface */ = {
			isa = PBXNativeTarget;
			buildConfigurationList = 2426982F113338E400282ED1 /* Build configuration list for PBXNativeTarget "PluginCore Interface" */;
			buildPhases = (
				242698251133389100282ED1 /* Headers */,
				242698261133389100282ED1 /* Sources */,
				242698271133389100282ED1 /* Frameworks */,
			);
			buildRules = (
			);
			dependencies = (
			);
			name = "PluginCore Interface";
			productName = interface;
			productReference = 242698291133389100282ED1 /* libinterface.a */;
			productType = "com.apple.product-type.library.static";
		};
		242698A5113344A600282ED1 /* PluginCoreTest */ = {
			isa = PBXNativeTarget;
			buildConfigurationList = 242698B41133450C00282ED1 /* Build configuration list for PBXNativeTarget "PluginCoreTest" */;
			buildPhases = (
				242698A3113344A600282ED1 /* Sources */,
				242698A4113344A600282ED1 /* Frameworks */,
			);
			buildRules = (
			);
			dependencies = (
				242698AB113344AE00282ED1 /* PBXTargetDependency */,
			);
			name = PluginCoreTest;
			productName = test;
			productReference = 242698A6113344A600282ED1 /* PluginCoreTest */;
			productType = "com.apple.product-type.tool";
		};
		242699261133FBDA00282ED1 /* AudioUnitWrapper */ = {
			isa = PBXNativeTarget;
			buildConfigurationList = 242699311133FBFF00282ED1 /* Build configuration list for PBXNativeTarget "AudioUnitWrapper" */;
			buildPhases = (
				242699231133FBDA00282ED1 /* Headers */,
				242699241133FBDA00282ED1 /* Sources */,
				242699251133FBDA00282ED1 /* Frameworks */,
				24935101113431E4000BF241 /* Resources */,
				24935444113435E7000BF241 /* Rez */,
			);
			buildRules = (
			);
			dependencies = (
				2426992B1133FBE700282ED1 /* PBXTargetDependency */,
			);
			name = AudioUnitWrapper;
			productName = au;
			productReference = 242699271133FBDA00282ED1 /* AudioUnitWrapper. */;
			productType = "com.apple.product-type.library.dynamic";
		};
/* End PBXNativeTarget section */

/* Begin PBXProject section */
		08FB7793FE84155DC02AAC07 /* Project object */ = {
			isa = PBXProject;
			attributes = {
				BuildIndependentTargetsInParallel = YES;
			};
			buildConfigurationList = 1DEB91EF08733DB70010E9CD /* Build configuration list for PBXProject "PluginCore" */;
			compatibilityVersion = "Xcode 3.1";
			hasScannedForEncodings = 1;
			mainGroup = 08FB7794FE84155DC02AAC07 /* plugincore */;
			productRefGroup = 08FB7794FE84155DC02AAC07 /* plugincore */;
			projectDirPath = "";
			projectRoot = "";
			targets = (
				242699321133FC1C00282ED1 /* all */,
				242699261133FBDA00282ED1 /* AudioUnitWrapper */,
				242698281133389100282ED1 /* PluginCore Interface */,
				242698A5113344A600282ED1 /* PluginCoreTest */,
				2402EC2D115CC6CF003A58A9 /* VstWrapper-24 */,
			);
		};
/* End PBXProject section */

/* Begin PBXResourcesBuildPhase section */
		2402EC2A115CC6CF003A58A9 /* Resources */ = {
			isa = PBXResourcesBuildPhase;
			buildActionMask = 2147483647;
			files = (
				2402EC5B115CC7C1003A58A9 /* PkgInfo in Resources */,
			);
			runOnlyForDeploymentPostprocessing = 0;
		};
		24935101113431E4000BF241 /* Resources */ = {
			isa = PBXResourcesBuildPhase;
			buildActionMask = 2147483647;
			files = (
			);
			runOnlyForDeploymentPostprocessing = 0;
		};
/* End PBXResourcesBuildPhase section */

/* Begin PBXRezBuildPhase section */
		24935444113435E7000BF241 /* Rez */ = {
			isa = PBXRezBuildPhase;
			buildActionMask = 2147483647;
			files = (
				2493544C11343673000BF241 /* AudioUnitWrapper.r in Rez */,
			);
			runOnlyForDeploymentPostprocessing = 0;
		};
/* End PBXRezBuildPhase section */

/* Begin PBXShellScriptBuildPhase section */
		244D313411648D5D00CD3458 /* ShellScript */ = {
			isa = PBXShellScriptBuildPhase;
			buildActionMask = 2147483647;
			files = (
			);
			inputPaths = (
			);
			outputPaths = (
			);
			runOnlyForDeploymentPostprocessing = 0;
			shellPath = /bin/sh;
			shellScript = "";
		};
/* End PBXShellScriptBuildPhase section */

/* Begin PBXSourcesBuildPhase section */
		2402EC2B115CC6CF003A58A9 /* Sources */ = {
			isa = PBXSourcesBuildPhase;
			buildActionMask = 2147483647;
			files = (
				2402EC49115CC7B1003A58A9 /* audioeffect.cpp in Sources */,
				2402EC4A115CC7B1003A58A9 /* audioeffectx.cpp in Sources */,
				244D313B11648E4000CD3458 /* PluginLoaderMac.cpp in Sources */,
				2402EC4B115CC7B1003A58A9 /* vstplugmain.cpp in Sources */,
				2402EC48115CC7B1003A58A9 /* VstWrapper.cpp in Sources */,
			);
			runOnlyForDeploymentPostprocessing = 0;
		};
		242698261133389100282ED1 /* Sources */ = {
			isa = PBXSourcesBuildPhase;
			buildActionMask = 2147483647;
			files = (
				2426982C113338A200282ED1 /* AudioBuffer.cpp in Sources */,
				2426982D113338A200282ED1 /* AudioBufferSet.cpp in Sources */,
				244D31CA116495BC00CD3458 /* ParameterSetMap.cpp in Sources */,
			);
			runOnlyForDeploymentPostprocessing = 0;
		};
		242698A3113344A600282ED1 /* Sources */ = {
			isa = PBXSourcesBuildPhase;
			buildActionMask = 2147483647;
			files = (
				242698BE1133454300282ED1 /* AudioBufferSetTest.cpp in Sources */,
				242698BF1133454300282ED1 /* AudioBufferTest.cpp in Sources */,
				242698C01133454300282ED1 /* PluginLoaderWindowsTest.cpp in Sources */,
			);
			runOnlyForDeploymentPostprocessing = 0;
		};
		242699241133FBDA00282ED1 /* Sources */ = {
			isa = PBXSourcesBuildPhase;
			buildActionMask = 2147483647;
			files = (
				249350F81134312D000BF241 /* AudioUnitWrapper.cpp in Sources */,
				249353DB11343508000BF241 /* CAAUMIDIMap.cpp in Sources */,
				249353DD11343508000BF241 /* CAAUMIDIMapManager.cpp in Sources */,
				249353DF11343508000BF241 /* CAAUParameter.cpp in Sources */,
				249353E111343508000BF241 /* CAAudioChannelLayout.cpp in Sources */,
				249353E311343508000BF241 /* CAMutex.cpp in Sources */,
				249353E511343508000BF241 /* CAStreamBasicDescription.cpp in Sources */,
				249353E811343508000BF241 /* CAVectorUnit.cpp in Sources */,
				2493541311343516000BF241 /* AUInstrumentBase.cpp in Sources */,
				2493541611343516000BF241 /* SynthElement.cpp in Sources */,
				2493541911343516000BF241 /* SynthNote.cpp in Sources */,
				2493541B11343516000BF241 /* SynthNoteList.cpp in Sources */,
				2493541D11343516000BF241 /* AUBase.cpp in Sources */,
				2493541F11343516000BF241 /* AUDispatch.cpp in Sources */,
				2493542111343516000BF241 /* AUInputElement.cpp in Sources */,
				2493542311343516000BF241 /* AUOutputElement.cpp in Sources */,
				2493542511343516000BF241 /* AUScopeElement.cpp in Sources */,
				2493542711343516000BF241 /* ComponentBase.cpp in Sources */,
				2493542911343516000BF241 /* MusicDeviceBase.cpp in Sources */,
				2493542B11343516000BF241 /* AUMIDIBase.cpp in Sources */,
				2493542D11343516000BF241 /* AUBaseHelper.cpp in Sources */,
				2493542F11343516000BF241 /* AUBuffer.cpp in Sources */,
				2493543111343516000BF241 /* AUDebugDispatcher.cpp in Sources */,
			);
			runOnlyForDeploymentPostprocessing = 0;
		};
/* End PBXSourcesBuildPhase section */

/* Begin PBXTargetDependency section */
		2402EC34115CC6D7003A58A9 /* PBXTargetDependency */ = {
			isa = PBXTargetDependency;
			target = 242698281133389100282ED1 /* PluginCore Interface */;
			targetProxy = 2402EC33115CC6D7003A58A9 /* PBXContainerItemProxy */;
		};
		2402EC45115CC794003A58A9 /* PBXTargetDependency */ = {
			isa = PBXTargetDependency;
			target = 2402EC2D115CC6CF003A58A9 /* VstWrapper-24 */;
			targetProxy = 2402EC44115CC794003A58A9 /* PBXContainerItemProxy */;
		};
		242698AB113344AE00282ED1 /* PBXTargetDependency */ = {
			isa = PBXTargetDependency;
			target = 242698281133389100282ED1 /* PluginCore Interface */;
			targetProxy = 242698AA113344AE00282ED1 /* PBXContainerItemProxy */;
		};
		2426992B1133FBE700282ED1 /* PBXTargetDependency */ = {
			isa = PBXTargetDependency;
			target = 242698281133389100282ED1 /* PluginCore Interface */;
			targetProxy = 2426992A1133FBE700282ED1 /* PBXContainerItemProxy */;
		};
		242699361133FC2200282ED1 /* PBXTargetDependency */ = {
			isa = PBXTargetDependency;
			target = 242698281133389100282ED1 /* PluginCore Interface */;
			targetProxy = 242699351133FC2200282ED1 /* PBXContainerItemProxy */;
		};
		242699381133FC2200282ED1 /* PBXTargetDependency */ = {
			isa = PBXTargetDependency;
			target = 242698A5113344A600282ED1 /* PluginCoreTest */;
			targetProxy = 242699371133FC2200282ED1 /* PBXContainerItemProxy */;
		};
		2426993E1133FC2200282ED1 /* PBXTargetDependency */ = {
			isa = PBXTargetDependency;
			target = 242699261133FBDA00282ED1 /* AudioUnitWrapper */;
			targetProxy = 2426993D1133FC2200282ED1 /* PBXContainerItemProxy */;
		};
/* End PBXTargetDependency section */

/* Begin XCBuildConfiguration section */
		1DEB91F008733DB70010E9CD /* Debug */ = {
			isa = XCBuildConfiguration;
			buildSettings = {
				ARCHS = "$(ARCHS_STANDARD_32_BIT)";
				GCC_C_LANGUAGE_STANDARD = c99;
				GCC_OPTIMIZATION_LEVEL = 0;
				GCC_PRECOMPILE_PREFIX_HEADER = YES;
				GCC_PREFIX_HEADER = ./mac/PrefixMac.h;
				GCC_WARN_ABOUT_RETURN_TYPE = YES;
				GCC_WARN_UNUSED_VARIABLE = YES;
				HEADER_SEARCH_PATHS = (
					$PROJECT_DIR,
					$PROJECT_DIR/source,
				);
				ONLY_ACTIVE_ARCH = YES;
				SDKROOT = macosx10.5;
			};
			name = Debug;
		};
		1DEB91F108733DB70010E9CD /* Release */ = {
			isa = XCBuildConfiguration;
			buildSettings = {
				ARCHS = "$(ARCHS_STANDARD_32_BIT)";
				GCC_C_LANGUAGE_STANDARD = c99;
				GCC_PRECOMPILE_PREFIX_HEADER = YES;
				GCC_PREFIX_HEADER = ./mac/PrefixMac.h;
				GCC_WARN_ABOUT_RETURN_TYPE = YES;
				GCC_WARN_UNUSED_VARIABLE = YES;
				HEADER_SEARCH_PATHS = (
					$PROJECT_DIR,
					$PROJECT_DIR/source,
				);
				SDKROOT = macosx10.5;
			};
			name = Release;
		};
		2402EC30115CC6D0003A58A9 /* Debug */ = {
			isa = XCBuildConfiguration;
			buildSettings = {
				ALWAYS_SEARCH_USER_PATHS = NO;
				COPY_PHASE_STRIP = NO;
				GCC_DYNAMIC_NO_PIC = NO;
				GCC_INLINES_ARE_PRIVATE_EXTERN = NO;
				GCC_MODEL_TUNING = G5;
				GCC_OPTIMIZATION_LEVEL = 0;
				GCC_PRECOMPILE_PREFIX_HEADER = YES;
				HEADER_SEARCH_PATHS = (
					.,
					./source,
					"./third-party/vstsdk2.4",
				);
				INFOPLIST_FILE = "./mac/VstWrapper-Info.plist";
				INSTALL_PATH = "$(HOME)/Library/Audio/Plug-Ins/VST";
				PREBINDING = NO;
				PRODUCT_NAME = VstWrapper;
				WRAPPER_EXTENSION = vst;
			};
			name = Debug;
		};
		2402EC31115CC6D0003A58A9 /* Release */ = {
			isa = XCBuildConfiguration;
			buildSettings = {
				ALWAYS_SEARCH_USER_PATHS = NO;
				COPY_PHASE_STRIP = YES;
				DEBUG_INFORMATION_FORMAT = "dwarf-with-dsym";
				GCC_INLINES_ARE_PRIVATE_EXTERN = NO;
				GCC_MODEL_TUNING = G5;
				GCC_PRECOMPILE_PREFIX_HEADER = YES;
				HEADER_SEARCH_PATHS = (
					.,
					./source,
					"./third-party/vstsdk2.4",
				);
				INFOPLIST_FILE = "./mac/VstWrapper-Info.plist";
				INSTALL_PATH = "$(HOME)/Library/Audio/Plug-Ins/VST";
				PREBINDING = NO;
				PRODUCT_NAME = VstWrapper;
				WRAPPER_EXTENSION = vst;
				ZERO_LINK = NO;
			};
			name = Release;
		};
		2426982A1133389100282ED1 /* Debug */ = {
			isa = XCBuildConfiguration;
			buildSettings = {
				ALWAYS_SEARCH_USER_PATHS = NO;
				COPY_PHASE_STRIP = NO;
				GCC_DYNAMIC_NO_PIC = NO;
				GCC_MODEL_TUNING = G5;
				GCC_OPTIMIZATION_LEVEL = 0;
				INSTALL_PATH = /usr/local/lib;
				PREBINDING = NO;
				PRODUCT_NAME = interface;
			};
			name = Debug;
		};
		2426982B1133389100282ED1 /* Release */ = {
			isa = XCBuildConfiguration;
			buildSettings = {
				ALWAYS_SEARCH_USER_PATHS = NO;
				COPY_PHASE_STRIP = YES;
				DEBUG_INFORMATION_FORMAT = "dwarf-with-dsym";
				GCC_MODEL_TUNING = G5;
				INSTALL_PATH = /usr/local/lib;
				PREBINDING = NO;
				PRODUCT_NAME = interface;
				ZERO_LINK = NO;
			};
			name = Release;
		};
		242698A8113344A600282ED1 /* Debug */ = {
			isa = XCBuildConfiguration;
			buildSettings = {
				ALWAYS_SEARCH_USER_PATHS = NO;
				COPY_PHASE_STRIP = NO;
				GCC_DYNAMIC_NO_PIC = NO;
				GCC_INLINES_ARE_PRIVATE_EXTERN = NO;
				GCC_MODEL_TUNING = G5;
				GCC_OPTIMIZATION_LEVEL = 0;
				GCC_SYMBOLS_PRIVATE_EXTERN = NO;
				HEADER_SEARCH_PATHS = (
					.,
					./source,
					"./third-party/gtest/include",
				);
				INSTALL_PATH = /usr/local/bin;
				LIBRARY_SEARCH_PATHS = (
					"$(inherited)",
					"\"$(SRCROOT)/third-party/gtest/lib\"",
				);
				PREBINDING = NO;
				PRODUCT_NAME = $TARGET_NAME;
			};
			name = Debug;
		};
		242698A9113344A600282ED1 /* Release */ = {
			isa = XCBuildConfiguration;
			buildSettings = {
				ALWAYS_SEARCH_USER_PATHS = NO;
				COPY_PHASE_STRIP = YES;
				DEBUG_INFORMATION_FORMAT = "dwarf-with-dsym";
				GCC_INLINES_ARE_PRIVATE_EXTERN = NO;
				GCC_MODEL_TUNING = G5;
				GCC_SYMBOLS_PRIVATE_EXTERN = NO;
				HEADER_SEARCH_PATHS = (
					.,
					./source,
					"./third-party/gtest/include",
				);
				INSTALL_PATH = /usr/local/bin;
				LIBRARY_SEARCH_PATHS = (
					"$(inherited)",
					"\"$(SRCROOT)/third-party/gtest/lib\"",
				);
				PREBINDING = NO;
				PRODUCT_NAME = $TARGET_NAME;
				ZERO_LINK = NO;
			};
			name = Release;
		};
		242699281133FBDB00282ED1 /* Debug */ = {
			isa = XCBuildConfiguration;
			buildSettings = {
				ALWAYS_SEARCH_USER_PATHS = YES;
				COPY_PHASE_STRIP = NO;
				DYLIB_COMPATIBILITY_VERSION = "";
				DYLIB_CURRENT_VERSION = "";
				EXECUTABLE_EXTENSION = "";
				EXPORTED_SYMBOLS_FILE = ./mac/AudioUnitWrapper.exp;
				GCC_DYNAMIC_NO_PIC = NO;
				GCC_INLINES_ARE_PRIVATE_EXTERN = NO;
				GCC_MODEL_TUNING = G5;
				GCC_OPTIMIZATION_LEVEL = 0;
				GENERATE_PKGINFO_FILE = YES;
				INFOPLIST_FILE = ./mac/AudioUnitWrapper.plist;
				INSTALL_PATH = "$(HOME)/Library/Audio/Plug-Ins/Components/";
				MACH_O_TYPE = mh_bundle;
				OTHER_REZFLAGS = "-d ppc_$ppc -d i386_$i386 -I /System/Library/Frameworks/CoreServices.framework/Frameworks/CarbonCore.framework/Versions/A/Headers -I \"$(DEVELOPER_DIR)/Examples/CoreAudio/AudioUnits/AUPublic/AUBase\"";
				PRODUCT_NAME = AudioUnitWrapper;
				REZ_SEARCH_PATHS = (
					/System/Library/Frameworks/CoreServices.framework/Versions/CarbonCore.framework/Versions/A/Headers,
					"\"$(DEVELOPER_DIR)/Examples/CoreAudio/AudioUnits/AUPublic/AUBase\"",
				);
				WRAPPER_EXTENSION = component;
			};
			name = Debug;
		};
		242699291133FBDB00282ED1 /* Release */ = {
			isa = XCBuildConfiguration;
			buildSettings = {
				ALWAYS_SEARCH_USER_PATHS = YES;
				COPY_PHASE_STRIP = YES;
				DEBUG_INFORMATION_FORMAT = "dwarf-with-dsym";
				DYLIB_COMPATIBILITY_VERSION = "";
				DYLIB_CURRENT_VERSION = "";
				EXECUTABLE_EXTENSION = "";
				EXPORTED_SYMBOLS_FILE = ./mac/AudioUnitWrapper.exp;
				GCC_INLINES_ARE_PRIVATE_EXTERN = NO;
				GCC_MODEL_TUNING = G5;
				GENERATE_PKGINFO_FILE = YES;
				INFOPLIST_FILE = ./mac/AudioUnitWrapper.plist;
				INSTALL_PATH = "$(HOME)/Library/Audio/Plug-Ins/Components/";
				MACH_O_TYPE = mh_bundle;
				OTHER_REZFLAGS = "-d ppc_$ppc -d i386_$i386 -I /System/Library/Frameworks/CoreServices.framework/Frameworks/CarbonCore.framework/Versions/A/Headers -I \"$(DEVELOPER_DIR)/Examples/CoreAudio/AudioUnits/AUPublic/AUBase\"";
				PRODUCT_NAME = AudioUnitWrapper;
				REZ_SEARCH_PATHS = (
					/System/Library/Frameworks/CoreServices.framework/Versions/CarbonCore.framework/Versions/A/Headers,
					"\"$(DEVELOPER_DIR)/Examples/CoreAudio/AudioUnits/AUPublic/AUBase\"",
				);
				WRAPPER_EXTENSION = component;
			};
			name = Release;
		};
		242699331133FC1D00282ED1 /* Debug */ = {
			isa = XCBuildConfiguration;
			buildSettings = {
				COPY_PHASE_STRIP = NO;
				GCC_DYNAMIC_NO_PIC = NO;
				GCC_OPTIMIZATION_LEVEL = 0;
				PRODUCT_NAME = all;
			};
			name = Debug;
		};
		242699341133FC1D00282ED1 /* Release */ = {
			isa = XCBuildConfiguration;
			buildSettings = {
				COPY_PHASE_STRIP = YES;
				DEBUG_INFORMATION_FORMAT = "dwarf-with-dsym";
				GCC_ENABLE_FIX_AND_CONTINUE = NO;
				PRODUCT_NAME = all;
				ZERO_LINK = NO;
			};
			name = Release;
		};
/* End XCBuildConfiguration section */

/* Begin XCConfigurationList section */
		1DEB91EF08733DB70010E9CD /* Build configuration list for PBXProject "PluginCore" */ = {
			isa = XCConfigurationList;
			buildConfigurations = (
				1DEB91F008733DB70010E9CD /* Debug */,
				1DEB91F108733DB70010E9CD /* Release */,
			);
			defaultConfigurationIsVisible = 0;
			defaultConfigurationName = Release;
		};
		2402EC32115CC6D0003A58A9 /* Build configuration list for PBXNativeTarget "VstWrapper-24" */ = {
			isa = XCConfigurationList;
			buildConfigurations = (
				2402EC30115CC6D0003A58A9 /* Debug */,
				2402EC31115CC6D0003A58A9 /* Release */,
			);
			defaultConfigurationIsVisible = 0;
			defaultConfigurationName = Release;
		};
		2426982F113338E400282ED1 /* Build configuration list for PBXNativeTarget "PluginCore Interface" */ = {
			isa = XCConfigurationList;
			buildConfigurations = (
				2426982A1133389100282ED1 /* Debug */,
				2426982B1133389100282ED1 /* Release */,
			);
			defaultConfigurationIsVisible = 0;
			defaultConfigurationName = Release;
		};
		242698B41133450C00282ED1 /* Build configuration list for PBXNativeTarget "PluginCoreTest" */ = {
			isa = XCConfigurationList;
			buildConfigurations = (
				242698A8113344A600282ED1 /* Debug */,
				242698A9113344A600282ED1 /* Release */,
			);
			defaultConfigurationIsVisible = 0;
			defaultConfigurationName = Release;
		};
		242699311133FBFF00282ED1 /* Build configuration list for PBXNativeTarget "AudioUnitWrapper" */ = {
			isa = XCConfigurationList;
			buildConfigurations = (
				242699281133FBDB00282ED1 /* Debug */,
				242699291133FBDB00282ED1 /* Release */,
			);
			defaultConfigurationIsVisible = 0;
			defaultConfigurationName = Release;
		};
		242699461133FC5600282ED1 /* Build configuration list for PBXAggregateTarget "all" */ = {
			isa = XCConfigurationList;
			buildConfigurations = (
				242699331133FC1D00282ED1 /* Debug */,
				242699341133FC1D00282ED1 /* Release */,
			);
			defaultConfigurationIsVisible = 0;
			defaultConfigurationName = Release;
		};
/* End XCConfigurationList section */
	};
	rootObject = 08FB7793FE84155DC02AAC07 /* Project object */;
}
